// !$*UTF8*$!
{
	archiveVersion = 1;
	classes = {
	};
	objectVersion = 55;
	objects = {

/* Begin PBXBuildFile section */
		0518219B28C4BF9B00462099 /* AuthenticationApp.swift in Sources */ = {isa = PBXBuildFile; fileRef = 0518219A28C4BF9B00462099 /* AuthenticationApp.swift */; };
		0518219D28C4BF9B00462099 /* ContentView.swift in Sources */ = {isa = PBXBuildFile; fileRef = 0518219C28C4BF9B00462099 /* ContentView.swift */; };
		0518219F28C4BF9D00462099 /* Assets.xcassets in Resources */ = {isa = PBXBuildFile; fileRef = 0518219E28C4BF9D00462099 /* Assets.xcassets */; };
		051821A228C4BF9D00462099 /* Preview Assets.xcassets in Resources */ = {isa = PBXBuildFile; fileRef = 051821A128C4BF9D00462099 /* Preview Assets.xcassets */; };
		051821A428C4BF9D00462099 /* Persistence.swift in Sources */ = {isa = PBXBuildFile; fileRef = 051821A328C4BF9D00462099 /* Persistence.swift */; };
		051821A728C4BF9D00462099 /* Authentication.xcdatamodeld in Sources */ = {isa = PBXBuildFile; fileRef = 051821A528C4BF9D00462099 /* Authentication.xcdatamodeld */; };
		051821B028C4C01600462099 /* VisualEffectBlur.swift in Sources */ = {isa = PBXBuildFile; fileRef = 051821AE28C4C01600462099 /* VisualEffectBlur.swift */; };
		051821B128C4C01600462099 /* ImagePicker.swift in Sources */ = {isa = PBXBuildFile; fileRef = 051821AF28C4C01600462099 /* ImagePicker.swift */; };
		051821B428C4C8D900462099 /* Color+Ext.swift in Sources */ = {isa = PBXBuildFile; fileRef = 051821B328C4C8D900462099 /* Color+Ext.swift */; };
		05D0F0C928C4D4D80074AB0F /* View+Ext.swift in Sources */ = {isa = PBXBuildFile; fileRef = 05D0F0C828C4D4D80074AB0F /* View+Ext.swift */; };
		05D0F0CC28C520A20074AB0F /* GradientTextView.swift in Sources */ = {isa = PBXBuildFile; fileRef = 05D0F0CB28C520A20074AB0F /* GradientTextView.swift */; };
		05D0F0CE28C526AD0074AB0F /* GradientButtonView.swift in Sources */ = {isa = PBXBuildFile; fileRef = 05D0F0CD28C526AD0074AB0F /* GradientButtonView.swift */; };
/* End PBXBuildFile section */

/* Begin PBXFileReference section */
		0518219728C4BF9B00462099 /* Authentication.app */ = {isa = PBXFileReference; explicitFileType = wrapper.application; includeInIndex = 0; path = Authentication.app; sourceTree = BUILT_PRODUCTS_DIR; };
		0518219A28C4BF9B00462099 /* AuthenticationApp.swift */ = {isa = PBXFileReference; lastKnownFileType = sourcecode.swift; path = AuthenticationApp.swift; sourceTree = "<group>"; };
		0518219C28C4BF9B00462099 /* ContentView.swift */ = {isa = PBXFileReference; lastKnownFileType = sourcecode.swift; path = ContentView.swift; sourceTree = "<group>"; };
		0518219E28C4BF9D00462099 /* Assets.xcassets */ = {isa = PBXFileReference; lastKnownFileType = folder.assetcatalog; path = Assets.xcassets; sourceTree = "<group>"; };
		051821A128C4BF9D00462099 /* Preview Assets.xcassets */ = {isa = PBXFileReference; lastKnownFileType = folder.assetcatalog; path = "Preview Assets.xcassets"; sourceTree = "<group>"; };
		051821A328C4BF9D00462099 /* Persistence.swift */ = {isa = PBXFileReference; lastKnownFileType = sourcecode.swift; path = Persistence.swift; sourceTree = "<group>"; };
		051821A628C4BF9D00462099 /* Authentication.xcdatamodel */ = {isa = PBXFileReference; lastKnownFileType = wrapper.xcdatamodel; path = Authentication.xcdatamodel; sourceTree = "<group>"; };
		051821AE28C4C01600462099 /* VisualEffectBlur.swift */ = {isa = PBXFileReference; fileEncoding = 4; lastKnownFileType = sourcecode.swift; path = VisualEffectBlur.swift; sourceTree = "<group>"; };
		051821AF28C4C01600462099 /* ImagePicker.swift */ = {isa = PBXFileReference; fileEncoding = 4; lastKnownFileType = sourcecode.swift; path = ImagePicker.swift; sourceTree = "<group>"; };
		051821B328C4C8D900462099 /* Color+Ext.swift */ = {isa = PBXFileReference; lastKnownFileType = sourcecode.swift; path = "Color+Ext.swift"; sourceTree = "<group>"; };
		05D0F0C828C4D4D80074AB0F /* View+Ext.swift */ = {isa = PBXFileReference; lastKnownFileType = sourcecode.swift; path = "View+Ext.swift"; sourceTree = "<group>"; };
		05D0F0CB28C520A20074AB0F /* GradientTextView.swift */ = {isa = PBXFileReference; lastKnownFileType = sourcecode.swift; path = GradientTextView.swift; sourceTree = "<group>"; };
		05D0F0CD28C526AD0074AB0F /* GradientButtonView.swift */ = {isa = PBXFileReference; lastKnownFileType = sourcecode.swift; path = GradientButtonView.swift; sourceTree = "<group>"; };
/* End PBXFileReference section */

/* Begin PBXFrameworksBuildPhase section */
		0518219428C4BF9B00462099 /* Frameworks */ = {
			isa = PBXFrameworksBuildPhase;
			buildActionMask = 2147483647;
			files = (
			);
			runOnlyForDeploymentPostprocessing = 0;
		};
/* End PBXFrameworksBuildPhase section */

/* Begin PBXGroup section */
		0518218E28C4BF9B00462099 = {
			isa = PBXGroup;
			children = (
				0518219928C4BF9B00462099 /* Authentication */,
				0518219828C4BF9B00462099 /* Products */,
			);
			sourceTree = "<group>";
		};
		0518219828C4BF9B00462099 /* Products */ = {
			isa = PBXGroup;
			children = (
				0518219728C4BF9B00462099 /* Authentication.app */,
			);
			name = Products;
			sourceTree = "<group>";
		};
		0518219928C4BF9B00462099 /* Authentication */ = {
			isa = PBXGroup;
			children = (
				051821B228C4C8B600462099 /* Ext+ */,
				051821AD28C4C01600462099 /* Helpers */,
				051821B528C4CE8D00462099 /* App */,
				051821B728C4CF1600462099 /* View */,
				05D0F0CA28C520870074AB0F /* CustomView */,
				051821B628C4CEB300462099 /* Resourses */,
				051821A328C4BF9D00462099 /* Persistence.swift */,
				051821A528C4BF9D00462099 /* Authentication.xcdatamodeld */,
				051821A028C4BF9D00462099 /* Preview Content */,
			);
			path = Authentication;
			sourceTree = "<group>";
		};
		051821A028C4BF9D00462099 /* Preview Content */ = {
			isa = PBXGroup;
			children = (
				051821A128C4BF9D00462099 /* Preview Assets.xcassets */,
			);
			path = "Preview Content";
			sourceTree = "<group>";
		};
		051821AD28C4C01600462099 /* Helpers */ = {
			isa = PBXGroup;
			children = (
				051821AE28C4C01600462099 /* VisualEffectBlur.swift */,
				051821AF28C4C01600462099 /* ImagePicker.swift */,
			);
			path = Helpers;
			sourceTree = "<group>";
		};
		051821B228C4C8B600462099 /* Ext+ */ = {
			isa = PBXGroup;
			children = (
				051821B328C4C8D900462099 /* Color+Ext.swift */,
				05D0F0C828C4D4D80074AB0F /* View+Ext.swift */,
			);
			path = "Ext+";
			sourceTree = "<group>";
		};
		051821B528C4CE8D00462099 /* App */ = {
			isa = PBXGroup;
			children = (
				0518219A28C4BF9B00462099 /* AuthenticationApp.swift */,
			);
			path = App;
			sourceTree = "<group>";
		};
		051821B628C4CEB300462099 /* Resourses */ = {
			isa = PBXGroup;
			children = (
				0518219E28C4BF9D00462099 /* Assets.xcassets */,
			);
			path = Resourses;
			sourceTree = "<group>";
		};
		051821B728C4CF1600462099 /* View */ = {
			isa = PBXGroup;
			children = (
				0518219C28C4BF9B00462099 /* ContentView.swift */,
			);
			path = View;
			sourceTree = "<group>";
		};
		05D0F0CA28C520870074AB0F /* CustomView */ = {
			isa = PBXGroup;
			children = (
				05D0F0CB28C520A20074AB0F /* GradientTextView.swift */,
				05D0F0CD28C526AD0074AB0F /* GradientButtonView.swift */,
			);
			path = CustomView;
			sourceTree = "<group>";
		};
/* End PBXGroup section */

/* Begin PBXNativeTarget section */
		0518219628C4BF9B00462099 /* Authentication */ = {
			isa = PBXNativeTarget;
			buildConfigurationList = 051821AA28C4BF9D00462099 /* Build configuration list for PBXNativeTarget "Authentication" */;
			buildPhases = (
				0518219328C4BF9B00462099 /* Sources */,
				0518219428C4BF9B00462099 /* Frameworks */,
				0518219528C4BF9B00462099 /* Resources */,
			);
			buildRules = (
			);
			dependencies = (
			);
			name = Authentication;
			productName = Authentication;
			productReference = 0518219728C4BF9B00462099 /* Authentication.app */;
			productType = "com.apple.product-type.application";
		};
/* End PBXNativeTarget section */

/* Begin PBXProject section */
		0518218F28C4BF9B00462099 /* Project object */ = {
			isa = PBXProject;
			attributes = {
				BuildIndependentTargetsInParallel = 1;
				LastSwiftUpdateCheck = 1340;
				LastUpgradeCheck = 1340;
				TargetAttributes = {
					0518219628C4BF9B00462099 = {
						CreatedOnToolsVersion = 13.4.1;
					};
				};
			};
			buildConfigurationList = 0518219228C4BF9B00462099 /* Build configuration list for PBXProject "Authentication" */;
			compatibilityVersion = "Xcode 13.0";
			developmentRegion = en;
			hasScannedForEncodings = 0;
			knownRegions = (
				en,
				Base,
			);
			mainGroup = 0518218E28C4BF9B00462099;
			productRefGroup = 0518219828C4BF9B00462099 /* Products */;
			projectDirPath = "";
			projectRoot = "";
			targets = (
				0518219628C4BF9B00462099 /* Authentication */,
			);
		};
/* End PBXProject section */

/* Begin PBXResourcesBuildPhase section */
		0518219528C4BF9B00462099 /* Resources */ = {
			isa = PBXResourcesBuildPhase;
			buildActionMask = 2147483647;
			files = (
				051821A228C4BF9D00462099 /* Preview Assets.xcassets in Resources */,
				0518219F28C4BF9D00462099 /* Assets.xcassets in Resources */,
			);
			runOnlyForDeploymentPostprocessing = 0;
		};
/* End PBXResourcesBuildPhase section */

/* Begin PBXSourcesBuildPhase section */
		0518219328C4BF9B00462099 /* Sources */ = {
			isa = PBXSourcesBuildPhase;
			buildActionMask = 2147483647;
			files = (
				05D0F0C928C4D4D80074AB0F /* View+Ext.swift in Sources */,
				051821B028C4C01600462099 /* VisualEffectBlur.swift in Sources */,
				05D0F0CE28C526AD0074AB0F /* GradientButtonView.swift in Sources */,
				051821B428C4C8D900462099 /* Color+Ext.swift in Sources */,
				05D0F0CC28C520A20074AB0F /* GradientTextView.swift in Sources */,
				051821A428C4BF9D00462099 /* Persistence.swift in Sources */,
				0518219D28C4BF9B00462099 /* ContentView.swift in Sources */,
				051821B128C4C01600462099 /* ImagePicker.swift in Sources */,
				0518219B28C4BF9B00462099 /* AuthenticationApp.swift in Sources */,
				051821A728C4BF9D00462099 /* Authentication.xcdatamodeld in Sources */,
			);
			runOnlyForDeploymentPostprocessing = 0;
		};
/* End PBXSourcesBuildPhase section */

/* Begin XCBuildConfiguration section */
		051821A828C4BF9D00462099 /* Debug */ = {
			isa = XCBuildConfiguration;
			buildSettings = {
				ALWAYS_SEARCH_USER_PATHS = NO;
				CLANG_ANALYZER_NONNULL = YES;
				CLANG_ANALYZER_NUMBER_OBJECT_CONVERSION = YES_AGGRESSIVE;
				CLANG_CXX_LANGUAGE_STANDARD = "gnu++17";
				CLANG_ENABLE_MODULES = YES;
				CLANG_ENABLE_OBJC_ARC = YES;
				CLANG_ENABLE_OBJC_WEAK = YES;
				CLANG_WARN_BLOCK_CAPTURE_AUTORELEASING = YES;
				CLANG_WARN_BOOL_CONVERSION = YES;
				CLANG_WARN_COMMA = YES;
				CLANG_WARN_CONSTANT_CONVERSION = YES;
				CLANG_WARN_DEPRECATED_OBJC_IMPLEMENTATIONS = YES;
				CLANG_WARN_DIRECT_OBJC_ISA_USAGE = YES_ERROR;
				CLANG_WARN_DOCUMENTATION_COMMENTS = YES;
				CLANG_WARN_EMPTY_BODY = YES;
				CLANG_WARN_ENUM_CONVERSION = YES;
				CLANG_WARN_INFINITE_RECURSION = YES;
				CLANG_WARN_INT_CONVERSION = YES;
				CLANG_WARN_NON_LITERAL_NULL_CONVERSION = YES;
				CLANG_WARN_OBJC_IMPLICIT_RETAIN_SELF = YES;
				CLANG_WARN_OBJC_LITERAL_CONVERSION = YES;
				CLANG_WARN_OBJC_ROOT_CLASS = YES_ERROR;
				CLANG_WARN_QUOTED_INCLUDE_IN_FRAMEWORK_HEADER = YES;
				CLANG_WARN_RANGE_LOOP_ANALYSIS = YES;
				CLANG_WARN_STRICT_PROTOTYPES = YES;
				CLANG_WARN_SUSPICIOUS_MOVE = YES;
				CLANG_WARN_UNGUARDED_AVAILABILITY = YES_AGGRESSIVE;
				CLANG_WARN_UNREACHABLE_CODE = YES;
				CLANG_WARN__DUPLICATE_METHOD_MATCH = YES;
				COPY_PHASE_STRIP = NO;
				DEBUG_INFORMATION_FORMAT = dwarf;
				ENABLE_STRICT_OBJC_MSGSEND = YES;
				ENABLE_TESTABILITY = YES;
				GCC_C_LANGUAGE_STANDARD = gnu11;
				GCC_DYNAMIC_NO_PIC = NO;
				GCC_NO_COMMON_BLOCKS = YES;
				GCC_OPTIMIZATION_LEVEL = 0;
				GCC_PREPROCESSOR_DEFINITIONS = (
					"DEBUG=1",
					"$(inherited)",
				);
				GCC_WARN_64_TO_32_BIT_CONVERSION = YES;
				GCC_WARN_ABOUT_RETURN_TYPE = YES_ERROR;
				GCC_WARN_UNDECLARED_SELECTOR = YES;
				GCC_WARN_UNINITIALIZED_AUTOS = YES_AGGRESSIVE;
				GCC_WARN_UNUSED_FUNCTION = YES;
				GCC_WARN_UNUSED_VARIABLE = YES;
				IPHONEOS_DEPLOYMENT_TARGET = 15.5;
				MTL_ENABLE_DEBUG_INFO = INCLUDE_SOURCE;
				MTL_FAST_MATH = YES;
				ONLY_ACTIVE_ARCH = YES;
				SDKROOT = iphoneos;
				SWIFT_ACTIVE_COMPILATION_CONDITIONS = DEBUG;
				SWIFT_OPTIMIZATION_LEVEL = "-Onone";
			};
			name = Debug;
		};
		051821A928C4BF9D00462099 /* Release */ = {
			isa = XCBuildConfiguration;
			buildSettings = {
				ALWAYS_SEARCH_USER_PATHS = NO;
				CLANG_ANALYZER_NONNULL = YES;
				CLANG_ANALYZER_NUMBER_OBJECT_CONVERSION = YES_AGGRESSIVE;
				CLANG_CXX_LANGUAGE_STANDARD = "gnu++17";
				CLANG_ENABLE_MODULES = YES;
				CLANG_ENABLE_OBJC_ARC = YES;
				CLANG_ENABLE_OBJC_WEAK = YES;
				CLANG_WARN_BLOCK_CAPTURE_AUTORELEASING = YES;
				CLANG_WARN_BOOL_CONVERSION = YES;
				CLANG_WARN_COMMA = YES;
				CLANG_WARN_CONSTANT_CONVERSION = YES;
				CLANG_WARN_DEPRECATED_OBJC_IMPLEMENTATIONS = YES;
				CLANG_WARN_DIRECT_OBJC_ISA_USAGE = YES_ERROR;
				CLANG_WARN_DOCUMENTATION_COMMENTS = YES;
				CLANG_WARN_EMPTY_BODY = YES;
				CLANG_WARN_ENUM_CONVERSION = YES;
				CLANG_WARN_INFINITE_RECURSION = YES;
				CLANG_WARN_INT_CONVERSION = YES;
				CLANG_WARN_NON_LITERAL_NULL_CONVERSION = YES;
				CLANG_WARN_OBJC_IMPLICIT_RETAIN_SELF = YES;
				CLANG_WARN_OBJC_LITERAL_CONVERSION = YES;
				CLANG_WARN_OBJC_ROOT_CLASS = YES_ERROR;
				CLANG_WARN_QUOTED_INCLUDE_IN_FRAMEWORK_HEADER = YES;
				CLANG_WARN_RANGE_LOOP_ANALYSIS = YES;
				CLANG_WARN_STRICT_PROTOTYPES = YES;
				CLANG_WARN_SUSPICIOUS_MOVE = YES;
				CLANG_WARN_UNGUARDED_AVAILABILITY = YES_AGGRESSIVE;
				CLANG_WARN_UNREACHABLE_CODE = YES;
				CLANG_WARN__DUPLICATE_METHOD_MATCH = YES;
				COPY_PHASE_STRIP = NO;
				DEBUG_INFORMATION_FORMAT = "dwarf-with-dsym";
				ENABLE_NS_ASSERTIONS = NO;
				ENABLE_STRICT_OBJC_MSGSEND = YES;
				GCC_C_LANGUAGE_STANDARD = gnu11;
				GCC_NO_COMMON_BLOCKS = YES;
				GCC_WARN_64_TO_32_BIT_CONVERSION = YES;
				GCC_WARN_ABOUT_RETURN_TYPE = YES_ERROR;
				GCC_WARN_UNDECLARED_SELECTOR = YES;
				GCC_WARN_UNINITIALIZED_AUTOS = YES_AGGRESSIVE;
				GCC_WARN_UNUSED_FUNCTION = YES;
				GCC_WARN_UNUSED_VARIABLE = YES;
				IPHONEOS_DEPLOYMENT_TARGET = 15.5;
				MTL_ENABLE_DEBUG_INFO = NO;
				MTL_FAST_MATH = YES;
				SDKROOT = iphoneos;
				SWIFT_COMPILATION_MODE = wholemodule;
				SWIFT_OPTIMIZATION_LEVEL = "-O";
				VALIDATE_PRODUCT = YES;
			};
			name = Release;
		};
		051821AB28C4BF9D00462099 /* Debug */ = {
			isa = XCBuildConfiguration;
			buildSettings = {
				ASSETCATALOG_COMPILER_APPICON_NAME = AppIcon;
				ASSETCATALOG_COMPILER_GLOBAL_ACCENT_COLOR_NAME = AccentColor;
				CODE_SIGN_STYLE = Automatic;
				CURRENT_PROJECT_VERSION = 1;
				DEVELOPMENT_ASSET_PATHS = "\"Authentication/Preview Content\"";
				DEVELOPMENT_TEAM = MJD54HBLFX;
				ENABLE_PREVIEWS = YES;
				GENERATE_INFOPLIST_FILE = YES;
				INFOPLIST_KEY_UIApplicationSceneManifest_Generation = YES;
				INFOPLIST_KEY_UIApplicationSupportsIndirectInputEvents = YES;
				INFOPLIST_KEY_UILaunchScreen_Generation = YES;
				INFOPLIST_KEY_UISupportedInterfaceOrientations_iPad = "UIInterfaceOrientationPortrait UIInterfaceOrientationPortraitUpsideDown UIInterfaceOrientationLandscapeLeft UIInterfaceOrientationLandscapeRight";
				INFOPLIST_KEY_UISupportedInterfaceOrientations_iPhone = "UIInterfaceOrientationPortrait UIInterfaceOrientationLandscapeLeft UIInterfaceOrientationLandscapeRight";
				LD_RUNPATH_SEARCH_PATHS = (
					"$(inherited)",
					"@executable_path/Frameworks",
				);
				MARKETING_VERSION = 1.0;
				PRODUCT_BUNDLE_IDENTIFIER = com.arturkorol.Authentication;
				PRODUCT_NAME = "$(TARGET_NAME)";
				SWIFT_EMIT_LOC_STRINGS = YES;
				SWIFT_VERSION = 5.0;
				TARGETED_DEVICE_FAMILY = "1,2";
			};
			name = Debug;
		};
		051821AC28C4BF9D00462099 /* Release */ = {
			isa = XCBuildConfiguration;
			buildSettings = {
				ASSETCATALOG_COMPILER_APPICON_NAME = AppIcon;
				ASSETCATALOG_COMPILER_GLOBAL_ACCENT_COLOR_NAME = AccentColor;
				CODE_SIGN_STYLE = Automatic;
				CURRENT_PROJECT_VERSION = 1;
				DEVELOPMENT_ASSET_PATHS = "\"Authentication/Preview Content\"";
				DEVELOPMENT_TEAM = MJD54HBLFX;
				ENABLE_PREVIEWS = YES;
				GENERATE_INFOPLIST_FILE = YES;
				INFOPLIST_KEY_UIApplicationSceneManifest_Generation = YES;
				INFOPLIST_KEY_UIApplicationSupportsIndirectInputEvents = YES;
				INFOPLIST_KEY_UILaunchScreen_Generation = YES;
				INFOPLIST_KEY_UISupportedInterfaceOrientations_iPad = "UIInterfaceOrientationPortrait UIInterfaceOrientationPortraitUpsideDown UIInterfaceOrientationLandscapeLeft UIInterfaceOrientationLandscapeRight";
				INFOPLIST_KEY_UISupportedInterfaceOrientations_iPhone = "UIInterfaceOrientationPortrait UIInterfaceOrientationLandscapeLeft UIInterfaceOrientationLandscapeRight";
				LD_RUNPATH_SEARCH_PATHS = (
					"$(inherited)",
					"@executable_path/Frameworks",
				);
				MARKETING_VERSION = 1.0;
				PRODUCT_BUNDLE_IDENTIFIER = com.arturkorol.Authentication;
				PRODUCT_NAME = "$(TARGET_NAME)";
				SWIFT_EMIT_LOC_STRINGS = YES;
				SWIFT_VERSION = 5.0;
				TARGETED_DEVICE_FAMILY = "1,2";
			};
			name = Release;
		};
/* End XCBuildConfiguration section */

/* Begin XCConfigurationList section */
		0518219228C4BF9B00462099 /* Build configuration list for PBXProject "Authentication" */ = {
			isa = XCConfigurationList;
			buildConfigurations = (
				051821A828C4BF9D00462099 /* Debug */,
				051821A928C4BF9D00462099 /* Release */,
			);
			defaultConfigurationIsVisible = 0;
			defaultConfigurationName = Release;
		};
		051821AA28C4BF9D00462099 /* Build configuration list for PBXNativeTarget "Authentication" */ = {
			isa = XCConfigurationList;
			buildConfigurations = (
				051821AB28C4BF9D00462099 /* Debug */,
				051821AC28C4BF9D00462099 /* Release */,
			);
			defaultConfigurationIsVisible = 0;
			defaultConfigurationName = Release;
		};
/* End XCConfigurationList section */

/* Begin XCVersionGroup section */
		051821A528C4BF9D00462099 /* Authentication.xcdatamodeld */ = {
			isa = XCVersionGroup;
			children = (
				051821A628C4BF9D00462099 /* Authentication.xcdatamodel */,
			);
			currentVersion = 051821A628C4BF9D00462099 /* Authentication.xcdatamodel */;
			path = Authentication.xcdatamodeld;
			sourceTree = "<group>";
			versionGroupType = wrapper.xcdatamodel;
		};
/* End XCVersionGroup section */
	};
	rootObject = 0518218F28C4BF9B00462099 /* Project object */;
}
