// !$*UTF8*$!
{
	archiveVersion = 1;
	classes = {
	};
	objectVersion = 55;
	objects = {

/* Begin PBXBuildFile section */
		051CB2EB2892D30E0035D55F /* FructusApp.swift in Sources */ = {isa = PBXBuildFile; fileRef = 051CB2EA2892D30E0035D55F /* FructusApp.swift */; };
		051CB2ED2892D30E0035D55F /* ContentView.swift in Sources */ = {isa = PBXBuildFile; fileRef = 051CB2EC2892D30E0035D55F /* ContentView.swift */; };
		051CB2EF2892D3110035D55F /* Assets.xcassets in Resources */ = {isa = PBXBuildFile; fileRef = 051CB2EE2892D3110035D55F /* Assets.xcassets */; };
		051CB2F22892D3110035D55F /* Preview Assets.xcassets in Resources */ = {isa = PBXBuildFile; fileRef = 051CB2F12892D3110035D55F /* Preview Assets.xcassets */; };
		051CB2FE2892DC3D0035D55F /* FruitCardView.swift in Sources */ = {isa = PBXBuildFile; fileRef = 051CB2FD2892DC3D0035D55F /* FruitCardView.swift */; };
		052AD6D02899845C00634F50 /* SettingsView.swift in Sources */ = {isa = PBXBuildFile; fileRef = 052AD6CF2899845C00634F50 /* SettingsView.swift */; };
		052AD6D22899967400634F50 /* SettingsLabelView.swift in Sources */ = {isa = PBXBuildFile; fileRef = 052AD6D12899967400634F50 /* SettingsLabelView.swift */; };
		052AD6D42899B98600634F50 /* SettingsRowView.swift in Sources */ = {isa = PBXBuildFile; fileRef = 052AD6D32899B98600634F50 /* SettingsRowView.swift */; };
		057A41002895479D0082B839 /* FruitDataModel.swift in Sources */ = {isa = PBXBuildFile; fileRef = 057A40FF2895479D0082B839 /* FruitDataModel.swift */; };
		057A410328954A2C0082B839 /* FruitsData.swift in Sources */ = {isa = PBXBuildFile; fileRef = 057A410228954A2C0082B839 /* FruitsData.swift */; };
		057A41052896C2D70082B839 /* FruitRowView.swift in Sources */ = {isa = PBXBuildFile; fileRef = 057A41042896C2D70082B839 /* FruitRowView.swift */; };
		057A41072896D0390082B839 /* FruitDetailView.swift in Sources */ = {isa = PBXBuildFile; fileRef = 057A41062896D0390082B839 /* FruitDetailView.swift */; };
		057A41092896F5350082B839 /* FruitHeaderView.swift in Sources */ = {isa = PBXBuildFile; fileRef = 057A41082896F5340082B839 /* FruitHeaderView.swift */; };
		057A410B2896FA380082B839 /* SourceLinkView.swift in Sources */ = {isa = PBXBuildFile; fileRef = 057A410A2896FA380082B839 /* SourceLinkView.swift */; };
		057A410D289857570082B839 /* FruitNutritionsView.swift in Sources */ = {isa = PBXBuildFile; fileRef = 057A410C289857560082B839 /* FruitNutritionsView.swift */; };
		05DDDA142893F1EE005C73E1 /* StartButtonView.swift in Sources */ = {isa = PBXBuildFile; fileRef = 05DDDA132893F1EE005C73E1 /* StartButtonView.swift */; };
		05DDDA162894052A005C73E1 /* OnboardingView.swift in Sources */ = {isa = PBXBuildFile; fileRef = 05DDDA152894052A005C73E1 /* OnboardingView.swift */; };
/* End PBXBuildFile section */

/* Begin PBXFileReference section */
		051CB2E72892D30E0035D55F /* Fructus.app */ = {isa = PBXFileReference; explicitFileType = wrapper.application; includeInIndex = 0; path = Fructus.app; sourceTree = BUILT_PRODUCTS_DIR; };
		051CB2EA2892D30E0035D55F /* FructusApp.swift */ = {isa = PBXFileReference; lastKnownFileType = sourcecode.swift; path = FructusApp.swift; sourceTree = "<group>"; };
		051CB2EC2892D30E0035D55F /* ContentView.swift */ = {isa = PBXFileReference; lastKnownFileType = sourcecode.swift; path = ContentView.swift; sourceTree = "<group>"; };
		051CB2EE2892D3110035D55F /* Assets.xcassets */ = {isa = PBXFileReference; lastKnownFileType = folder.assetcatalog; path = Assets.xcassets; sourceTree = "<group>"; };
		051CB2F12892D3110035D55F /* Preview Assets.xcassets */ = {isa = PBXFileReference; lastKnownFileType = folder.assetcatalog; path = "Preview Assets.xcassets"; sourceTree = "<group>"; };
		051CB2FD2892DC3D0035D55F /* FruitCardView.swift */ = {isa = PBXFileReference; lastKnownFileType = sourcecode.swift; path = FruitCardView.swift; sourceTree = "<group>"; };
		052AD6CF2899845C00634F50 /* SettingsView.swift */ = {isa = PBXFileReference; lastKnownFileType = sourcecode.swift; path = SettingsView.swift; sourceTree = "<group>"; };
		052AD6D12899967400634F50 /* SettingsLabelView.swift */ = {isa = PBXFileReference; lastKnownFileType = sourcecode.swift; path = SettingsLabelView.swift; sourceTree = "<group>"; };
		052AD6D32899B98600634F50 /* SettingsRowView.swift */ = {isa = PBXFileReference; lastKnownFileType = sourcecode.swift; path = SettingsRowView.swift; sourceTree = "<group>"; };
		057A40FF2895479D0082B839 /* FruitDataModel.swift */ = {isa = PBXFileReference; lastKnownFileType = sourcecode.swift; path = FruitDataModel.swift; sourceTree = "<group>"; };
		057A410228954A2C0082B839 /* FruitsData.swift */ = {isa = PBXFileReference; lastKnownFileType = sourcecode.swift; path = FruitsData.swift; sourceTree = "<group>"; };
		057A41042896C2D70082B839 /* FruitRowView.swift */ = {isa = PBXFileReference; lastKnownFileType = sourcecode.swift; path = FruitRowView.swift; sourceTree = "<group>"; };
		057A41062896D0390082B839 /* FruitDetailView.swift */ = {isa = PBXFileReference; lastKnownFileType = sourcecode.swift; path = FruitDetailView.swift; sourceTree = "<group>"; };
		057A41082896F5340082B839 /* FruitHeaderView.swift */ = {isa = PBXFileReference; lastKnownFileType = sourcecode.swift; path = FruitHeaderView.swift; sourceTree = "<group>"; };
		057A410A2896FA380082B839 /* SourceLinkView.swift */ = {isa = PBXFileReference; lastKnownFileType = sourcecode.swift; path = SourceLinkView.swift; sourceTree = "<group>"; };
		057A410C289857560082B839 /* FruitNutritionsView.swift */ = {isa = PBXFileReference; lastKnownFileType = sourcecode.swift; path = FruitNutritionsView.swift; sourceTree = "<group>"; };
		05DDDA132893F1EE005C73E1 /* StartButtonView.swift */ = {isa = PBXFileReference; lastKnownFileType = sourcecode.swift; path = StartButtonView.swift; sourceTree = "<group>"; };
		05DDDA152894052A005C73E1 /* OnboardingView.swift */ = {isa = PBXFileReference; lastKnownFileType = sourcecode.swift; path = OnboardingView.swift; sourceTree = "<group>"; };
/* End PBXFileReference section */

/* Begin PBXFrameworksBuildPhase section */
		051CB2E42892D30E0035D55F /* Frameworks */ = {
			isa = PBXFrameworksBuildPhase;
			buildActionMask = 2147483647;
			files = (
			);
			runOnlyForDeploymentPostprocessing = 0;
		};
/* End PBXFrameworksBuildPhase section */

/* Begin PBXGroup section */
		051CB2DE2892D30E0035D55F = {
			isa = PBXGroup;
			children = (
				051CB2E92892D30E0035D55F /* Fructus */,
				051CB2E82892D30E0035D55F /* Products */,
			);
			sourceTree = "<group>";
		};
		051CB2E82892D30E0035D55F /* Products */ = {
			isa = PBXGroup;
			children = (
				051CB2E72892D30E0035D55F /* Fructus.app */,
			);
			name = Products;
			sourceTree = "<group>";
		};
		051CB2E92892D30E0035D55F /* Fructus */ = {
			isa = PBXGroup;
			children = (
				057A410128954A0E0082B839 /* Data */,
				057A40FE289547890082B839 /* Model */,
				051CB2FA2892DBF00035D55F /* CustomView */,
				051CB2F82892DBDD0035D55F /* App */,
				051CB2F92892DBE70035D55F /* Support */,
				051CB2F02892D3110035D55F /* Preview Content */,
			);
			path = Fructus;
			sourceTree = "<group>";
		};
		051CB2F02892D3110035D55F /* Preview Content */ = {
			isa = PBXGroup;
			children = (
				051CB2F12892D3110035D55F /* Preview Assets.xcassets */,
			);
			path = "Preview Content";
			sourceTree = "<group>";
		};
		051CB2F82892DBDD0035D55F /* App */ = {
			isa = PBXGroup;
			children = (
				051CB2EA2892D30E0035D55F /* FructusApp.swift */,
				051CB2EC2892D30E0035D55F /* ContentView.swift */,
				05DDDA152894052A005C73E1 /* OnboardingView.swift */,
			);
			path = App;
			sourceTree = "<group>";
		};
		051CB2F92892DBE70035D55F /* Support */ = {
			isa = PBXGroup;
			children = (
				051CB2EE2892D3110035D55F /* Assets.xcassets */,
			);
			path = Support;
			sourceTree = "<group>";
		};
		051CB2FA2892DBF00035D55F /* CustomView */ = {
			isa = PBXGroup;
			children = (
				051CB2FD2892DC3D0035D55F /* FruitCardView.swift */,
				05DDDA132893F1EE005C73E1 /* StartButtonView.swift */,
				057A41042896C2D70082B839 /* FruitRowView.swift */,
				057A41062896D0390082B839 /* FruitDetailView.swift */,
				057A41082896F5340082B839 /* FruitHeaderView.swift */,
				057A410A2896FA380082B839 /* SourceLinkView.swift */,
				057A410C289857560082B839 /* FruitNutritionsView.swift */,
				052AD6CF2899845C00634F50 /* SettingsView.swift */,
				052AD6D12899967400634F50 /* SettingsLabelView.swift */,
				052AD6D32899B98600634F50 /* SettingsRowView.swift */,
			);
			path = CustomView;
			sourceTree = "<group>";
		};
		057A40FE289547890082B839 /* Model */ = {
			isa = PBXGroup;
			children = (
				057A40FF2895479D0082B839 /* FruitDataModel.swift */,
			);
			path = Model;
			sourceTree = "<group>";
		};
		057A410128954A0E0082B839 /* Data */ = {
			isa = PBXGroup;
			children = (
				057A410228954A2C0082B839 /* FruitsData.swift */,
			);
			path = Data;
			sourceTree = "<group>";
		};
/* End PBXGroup section */

/* Begin PBXNativeTarget section */
		051CB2E62892D30E0035D55F /* Fructus */ = {
			isa = PBXNativeTarget;
			buildConfigurationList = 051CB2F52892D3110035D55F /* Build configuration list for PBXNativeTarget "Fructus" */;
			buildPhases = (
				051CB2E32892D30E0035D55F /* Sources */,
				051CB2E42892D30E0035D55F /* Frameworks */,
				051CB2E52892D30E0035D55F /* Resources */,
			);
			buildRules = (
			);
			dependencies = (
			);
			name = Fructus;
			productName = Fructus;
			productReference = 051CB2E72892D30E0035D55F /* Fructus.app */;
			productType = "com.apple.product-type.application";
		};
/* End PBXNativeTarget section */

/* Begin PBXProject section */
		051CB2DF2892D30E0035D55F /* Project object */ = {
			isa = PBXProject;
			attributes = {
				BuildIndependentTargetsInParallel = 1;
				LastSwiftUpdateCheck = 1340;
				LastUpgradeCheck = 1340;
				TargetAttributes = {
					051CB2E62892D30E0035D55F = {
						CreatedOnToolsVersion = 13.4.1;
					};
				};
			};
			buildConfigurationList = 051CB2E22892D30E0035D55F /* Build configuration list for PBXProject "Fructus" */;
			compatibilityVersion = "Xcode 13.0";
			developmentRegion = en;
			hasScannedForEncodings = 0;
			knownRegions = (
				en,
				Base,
			);
			mainGroup = 051CB2DE2892D30E0035D55F;
			productRefGroup = 051CB2E82892D30E0035D55F /* Products */;
			projectDirPath = "";
			projectRoot = "";
			targets = (
				051CB2E62892D30E0035D55F /* Fructus */,
			);
		};
/* End PBXProject section */

/* Begin PBXResourcesBuildPhase section */
		051CB2E52892D30E0035D55F /* Resources */ = {
			isa = PBXResourcesBuildPhase;
			buildActionMask = 2147483647;
			files = (
				051CB2F22892D3110035D55F /* Preview Assets.xcassets in Resources */,
				051CB2EF2892D3110035D55F /* Assets.xcassets in Resources */,
			);
			runOnlyForDeploymentPostprocessing = 0;
		};
/* End PBXResourcesBuildPhase section */

/* Begin PBXSourcesBuildPhase section */
		051CB2E32892D30E0035D55F /* Sources */ = {
			isa = PBXSourcesBuildPhase;
			buildActionMask = 2147483647;
			files = (
				057A410D289857570082B839 /* FruitNutritionsView.swift in Sources */,
				057A41002895479D0082B839 /* FruitDataModel.swift in Sources */,
				052AD6D42899B98600634F50 /* SettingsRowView.swift in Sources */,
				057A410B2896FA380082B839 /* SourceLinkView.swift in Sources */,
				051CB2FE2892DC3D0035D55F /* FruitCardView.swift in Sources */,
				057A41052896C2D70082B839 /* FruitRowView.swift in Sources */,
				05DDDA142893F1EE005C73E1 /* StartButtonView.swift in Sources */,
				057A41072896D0390082B839 /* FruitDetailView.swift in Sources */,
				051CB2ED2892D30E0035D55F /* ContentView.swift in Sources */,
				057A41092896F5350082B839 /* FruitHeaderView.swift in Sources */,
				057A410328954A2C0082B839 /* FruitsData.swift in Sources */,
				052AD6D22899967400634F50 /* SettingsLabelView.swift in Sources */,
				05DDDA162894052A005C73E1 /* OnboardingView.swift in Sources */,
				051CB2EB2892D30E0035D55F /* FructusApp.swift in Sources */,
				052AD6D02899845C00634F50 /* SettingsView.swift in Sources */,
			);
			runOnlyForDeploymentPostprocessing = 0;
		};
/* End PBXSourcesBuildPhase section */

/* Begin XCBuildConfiguration section */
		051CB2F32892D3110035D55F /* Debug */ = {
			isa = XCBuildConfiguration;
			buildSettings = {
				ALWAYS_SEARCH_USER_PATHS = NO;
				CLANG_ANALYZER_NONNULL = YES;
				CLANG_ANALYZER_NUMBER_OBJECT_CONVERSION = YES_AGGRESSIVE;
				CLANG_CXX_LANGUAGE_STANDARD = "gnu++17";
				CLANG_ENABLE_MODULES = YES;
				CLANG_ENABLE_OBJC_ARC = YES;
				CLANG_ENABLE_OBJC_WEAK = YES;
				CLANG_WARN_BLOCK_CAPTURE_AUTORELEASING = YES;
				CLANG_WARN_BOOL_CONVERSION = YES;
				CLANG_WARN_COMMA = YES;
				CLANG_WARN_CONSTANT_CONVERSION = YES;
				CLANG_WARN_DEPRECATED_OBJC_IMPLEMENTATIONS = YES;
				CLANG_WARN_DIRECT_OBJC_ISA_USAGE = YES_ERROR;
				CLANG_WARN_DOCUMENTATION_COMMENTS = YES;
				CLANG_WARN_EMPTY_BODY = YES;
				CLANG_WARN_ENUM_CONVERSION = YES;
				CLANG_WARN_INFINITE_RECURSION = YES;
				CLANG_WARN_INT_CONVERSION = YES;
				CLANG_WARN_NON_LITERAL_NULL_CONVERSION = YES;
				CLANG_WARN_OBJC_IMPLICIT_RETAIN_SELF = YES;
				CLANG_WARN_OBJC_LITERAL_CONVERSION = YES;
				CLANG_WARN_OBJC_ROOT_CLASS = YES_ERROR;
				CLANG_WARN_QUOTED_INCLUDE_IN_FRAMEWORK_HEADER = YES;
				CLANG_WARN_RANGE_LOOP_ANALYSIS = YES;
				CLANG_WARN_STRICT_PROTOTYPES = YES;
				CLANG_WARN_SUSPICIOUS_MOVE = YES;
				CLANG_WARN_UNGUARDED_AVAILABILITY = YES_AGGRESSIVE;
				CLANG_WARN_UNREACHABLE_CODE = YES;
				CLANG_WARN__DUPLICATE_METHOD_MATCH = YES;
				COPY_PHASE_STRIP = NO;
				DEBUG_INFORMATION_FORMAT = dwarf;
				ENABLE_STRICT_OBJC_MSGSEND = YES;
				ENABLE_TESTABILITY = YES;
				GCC_C_LANGUAGE_STANDARD = gnu11;
				GCC_DYNAMIC_NO_PIC = NO;
				GCC_NO_COMMON_BLOCKS = YES;
				GCC_OPTIMIZATION_LEVEL = 0;
				GCC_PREPROCESSOR_DEFINITIONS = (
					"DEBUG=1",
					"$(inherited)",
				);
				GCC_WARN_64_TO_32_BIT_CONVERSION = YES;
				GCC_WARN_ABOUT_RETURN_TYPE = YES_ERROR;
				GCC_WARN_UNDECLARED_SELECTOR = YES;
				GCC_WARN_UNINITIALIZED_AUTOS = YES_AGGRESSIVE;
				GCC_WARN_UNUSED_FUNCTION = YES;
				GCC_WARN_UNUSED_VARIABLE = YES;
				IPHONEOS_DEPLOYMENT_TARGET = 15.5;
				MTL_ENABLE_DEBUG_INFO = INCLUDE_SOURCE;
				MTL_FAST_MATH = YES;
				ONLY_ACTIVE_ARCH = YES;
				SDKROOT = iphoneos;
				SWIFT_ACTIVE_COMPILATION_CONDITIONS = DEBUG;
				SWIFT_OPTIMIZATION_LEVEL = "-Onone";
			};
			name = Debug;
		};
		051CB2F42892D3110035D55F /* Release */ = {
			isa = XCBuildConfiguration;
			buildSettings = {
				ALWAYS_SEARCH_USER_PATHS = NO;
				CLANG_ANALYZER_NONNULL = YES;
				CLANG_ANALYZER_NUMBER_OBJECT_CONVERSION = YES_AGGRESSIVE;
				CLANG_CXX_LANGUAGE_STANDARD = "gnu++17";
				CLANG_ENABLE_MODULES = YES;
				CLANG_ENABLE_OBJC_ARC = YES;
				CLANG_ENABLE_OBJC_WEAK = YES;
				CLANG_WARN_BLOCK_CAPTURE_AUTORELEASING = YES;
				CLANG_WARN_BOOL_CONVERSION = YES;
				CLANG_WARN_COMMA = YES;
				CLANG_WARN_CONSTANT_CONVERSION = YES;
				CLANG_WARN_DEPRECATED_OBJC_IMPLEMENTATIONS = YES;
				CLANG_WARN_DIRECT_OBJC_ISA_USAGE = YES_ERROR;
				CLANG_WARN_DOCUMENTATION_COMMENTS = YES;
				CLANG_WARN_EMPTY_BODY = YES;
				CLANG_WARN_ENUM_CONVERSION = YES;
				CLANG_WARN_INFINITE_RECURSION = YES;
				CLANG_WARN_INT_CONVERSION = YES;
				CLANG_WARN_NON_LITERAL_NULL_CONVERSION = YES;
				CLANG_WARN_OBJC_IMPLICIT_RETAIN_SELF = YES;
				CLANG_WARN_OBJC_LITERAL_CONVERSION = YES;
				CLANG_WARN_OBJC_ROOT_CLASS = YES_ERROR;
				CLANG_WARN_QUOTED_INCLUDE_IN_FRAMEWORK_HEADER = YES;
				CLANG_WARN_RANGE_LOOP_ANALYSIS = YES;
				CLANG_WARN_STRICT_PROTOTYPES = YES;
				CLANG_WARN_SUSPICIOUS_MOVE = YES;
				CLANG_WARN_UNGUARDED_AVAILABILITY = YES_AGGRESSIVE;
				CLANG_WARN_UNREACHABLE_CODE = YES;
				CLANG_WARN__DUPLICATE_METHOD_MATCH = YES;
				COPY_PHASE_STRIP = NO;
				DEBUG_INFORMATION_FORMAT = "dwarf-with-dsym";
				ENABLE_NS_ASSERTIONS = NO;
				ENABLE_STRICT_OBJC_MSGSEND = YES;
				GCC_C_LANGUAGE_STANDARD = gnu11;
				GCC_NO_COMMON_BLOCKS = YES;
				GCC_WARN_64_TO_32_BIT_CONVERSION = YES;
				GCC_WARN_ABOUT_RETURN_TYPE = YES_ERROR;
				GCC_WARN_UNDECLARED_SELECTOR = YES;
				GCC_WARN_UNINITIALIZED_AUTOS = YES_AGGRESSIVE;
				GCC_WARN_UNUSED_FUNCTION = YES;
				GCC_WARN_UNUSED_VARIABLE = YES;
				IPHONEOS_DEPLOYMENT_TARGET = 15.5;
				MTL_ENABLE_DEBUG_INFO = NO;
				MTL_FAST_MATH = YES;
				SDKROOT = iphoneos;
				SWIFT_COMPILATION_MODE = wholemodule;
				SWIFT_OPTIMIZATION_LEVEL = "-O";
				VALIDATE_PRODUCT = YES;
			};
			name = Release;
		};
		051CB2F62892D3110035D55F /* Debug */ = {
			isa = XCBuildConfiguration;
			buildSettings = {
				ASSETCATALOG_COMPILER_APPICON_NAME = AppIcon;
				ASSETCATALOG_COMPILER_GLOBAL_ACCENT_COLOR_NAME = AccentColor;
				CODE_SIGN_STYLE = Automatic;
				CURRENT_PROJECT_VERSION = 1;
				DEVELOPMENT_ASSET_PATHS = "\"Fructus/Preview Content\"";
				DEVELOPMENT_TEAM = MJD54HBLFX;
				ENABLE_PREVIEWS = YES;
				GENERATE_INFOPLIST_FILE = YES;
				INFOPLIST_KEY_UIApplicationSceneManifest_Generation = YES;
				INFOPLIST_KEY_UIApplicationSupportsIndirectInputEvents = YES;
				INFOPLIST_KEY_UILaunchScreen_Generation = YES;
				INFOPLIST_KEY_UISupportedInterfaceOrientations = UIInterfaceOrientationPortrait;
				INFOPLIST_KEY_UISupportedInterfaceOrientations_iPad = "UIInterfaceOrientationPortrait UIInterfaceOrientationPortraitUpsideDown UIInterfaceOrientationLandscapeLeft UIInterfaceOrientationLandscapeRight";
				INFOPLIST_KEY_UISupportedInterfaceOrientations_iPhone = "UIInterfaceOrientationPortrait UIInterfaceOrientationLandscapeLeft UIInterfaceOrientationLandscapeRight";
				LD_RUNPATH_SEARCH_PATHS = (
					"$(inherited)",
					"@executable_path/Frameworks",
				);
				MARKETING_VERSION = 1.0;
				PRODUCT_BUNDLE_IDENTIFIER = com.arturkorol.Fructus;
				PRODUCT_NAME = "$(TARGET_NAME)";
				SWIFT_EMIT_LOC_STRINGS = YES;
				SWIFT_VERSION = 5.0;
				TARGETED_DEVICE_FAMILY = "1,2";
			};
			name = Debug;
		};
		051CB2F72892D3110035D55F /* Release */ = {
			isa = XCBuildConfiguration;
			buildSettings = {
				ASSETCATALOG_COMPILER_APPICON_NAME = AppIcon;
				ASSETCATALOG_COMPILER_GLOBAL_ACCENT_COLOR_NAME = AccentColor;
				CODE_SIGN_STYLE = Automatic;
				CURRENT_PROJECT_VERSION = 1;
				DEVELOPMENT_ASSET_PATHS = "\"Fructus/Preview Content\"";
				DEVELOPMENT_TEAM = MJD54HBLFX;
				ENABLE_PREVIEWS = YES;
				GENERATE_INFOPLIST_FILE = YES;
				INFOPLIST_KEY_UIApplicationSceneManifest_Generation = YES;
				INFOPLIST_KEY_UIApplicationSupportsIndirectInputEvents = YES;
				INFOPLIST_KEY_UILaunchScreen_Generation = YES;
				INFOPLIST_KEY_UISupportedInterfaceOrientations = UIInterfaceOrientationPortrait;
				INFOPLIST_KEY_UISupportedInterfaceOrientations_iPad = "UIInterfaceOrientationPortrait UIInterfaceOrientationPortraitUpsideDown UIInterfaceOrientationLandscapeLeft UIInterfaceOrientationLandscapeRight";
				INFOPLIST_KEY_UISupportedInterfaceOrientations_iPhone = "UIInterfaceOrientationPortrait UIInterfaceOrientationLandscapeLeft UIInterfaceOrientationLandscapeRight";
				LD_RUNPATH_SEARCH_PATHS = (
					"$(inherited)",
					"@executable_path/Frameworks",
				);
				MARKETING_VERSION = 1.0;
				PRODUCT_BUNDLE_IDENTIFIER = com.arturkorol.Fructus;
				PRODUCT_NAME = "$(TARGET_NAME)";
				SWIFT_EMIT_LOC_STRINGS = YES;
				SWIFT_VERSION = 5.0;
				TARGETED_DEVICE_FAMILY = "1,2";
			};
			name = Release;
		};
/* End XCBuildConfiguration section */

/* Begin XCConfigurationList section */
		051CB2E22892D30E0035D55F /* Build configuration list for PBXProject "Fructus" */ = {
			isa = XCConfigurationList;
			buildConfigurations = (
				051CB2F32892D3110035D55F /* Debug */,
				051CB2F42892D3110035D55F /* Release */,
			);
			defaultConfigurationIsVisible = 0;
			defaultConfigurationName = Release;
		};
		051CB2F52892D3110035D55F /* Build configuration list for PBXNativeTarget "Fructus" */ = {
			isa = XCConfigurationList;
			buildConfigurations = (
				051CB2F62892D3110035D55F /* Debug */,
				051CB2F72892D3110035D55F /* Release */,
			);
			defaultConfigurationIsVisible = 0;
			defaultConfigurationName = Release;
		};
/* End XCConfigurationList section */
	};
	rootObject = 051CB2DF2892D30E0035D55F /* Project object */;
}
