// !$*UTF8*$!
{
	archiveVersion = 1;
	classes = {
	};
	objectVersion = 55;
	objects = {

/* Begin PBXBuildFile section */
		052AD6E2289A5DC100634F50 /* AfricaApp.swift in Sources */ = {isa = PBXBuildFile; fileRef = 052AD6E1289A5DC100634F50 /* AfricaApp.swift */; };
		052AD6E4289A5DC100634F50 /* ContentView.swift in Sources */ = {isa = PBXBuildFile; fileRef = 052AD6E3289A5DC100634F50 /* ContentView.swift */; };
		052AD6E6289A5DC300634F50 /* Assets.xcassets in Resources */ = {isa = PBXBuildFile; fileRef = 052AD6E5289A5DC300634F50 /* Assets.xcassets */; };
		052AD6E9289A5DC300634F50 /* Preview Assets.xcassets in Resources */ = {isa = PBXBuildFile; fileRef = 052AD6E8289A5DC300634F50 /* Preview Assets.xcassets */; };
		052AD723289A690300634F50 /* VideoListView.swift in Sources */ = {isa = PBXBuildFile; fileRef = 052AD722289A690300634F50 /* VideoListView.swift */; };
		052AD725289A691300634F50 /* MapView.swift in Sources */ = {isa = PBXBuildFile; fileRef = 052AD724289A691300634F50 /* MapView.swift */; };
		052AD727289A692200634F50 /* GalleryView.swift in Sources */ = {isa = PBXBuildFile; fileRef = 052AD726289A692200634F50 /* GalleryView.swift */; };
		052AD729289A692C00634F50 /* MainView.swift in Sources */ = {isa = PBXBuildFile; fileRef = 052AD728289A692C00634F50 /* MainView.swift */; };
		052AD72E289A6A1400634F50 /* TabBarItemView.swift in Sources */ = {isa = PBXBuildFile; fileRef = 052AD72D289A6A1400634F50 /* TabBarItemView.swift */; };
		052AD730289A6EF200634F50 /* CoverImageView.swift in Sources */ = {isa = PBXBuildFile; fileRef = 052AD72F289A6EF200634F50 /* CoverImageView.swift */; };
		052AD734289A705A00634F50 /* CoverImageModel.swift in Sources */ = {isa = PBXBuildFile; fileRef = 052AD733289A705A00634F50 /* CoverImageModel.swift */; };
		0538A80E28A773CE003AE489 /* AnimalGridItem.swift in Sources */ = {isa = PBXBuildFile; fileRef = 0538A80D28A773CE003AE489 /* AnimalGridItem.swift */; };
		0538A81428A783C8003AE489 /* Stickers.xcassets in Resources */ = {isa = PBXBuildFile; fileRef = 0538A81328A783C8003AE489 /* Stickers.xcassets */; };
		0538A81828A783C8003AE489 /* Stickers.appex in Embed App Extensions */ = {isa = PBXBuildFile; fileRef = 0538A81128A783C6003AE489 /* Stickers.appex */; platformFilter = ios; settings = {ATTRIBUTES = (RemoveHeadersOnCopy, ); }; };
		053B057728A4B93500DC63C9 /* MotionAnimationView.swift in Sources */ = {isa = PBXBuildFile; fileRef = 053B057628A4B93500DC63C9 /* MotionAnimationView.swift */; };
		057F3FC0289C369E0027DBA3 /* CodableBundleExtension.swift in Sources */ = {isa = PBXBuildFile; fileRef = 057F3FBF289C369E0027DBA3 /* CodableBundleExtension.swift */; };
		057F3FE0289D14040027DBA3 /* animals.json in Resources */ = {isa = PBXBuildFile; fileRef = 057F3FDC289D14040027DBA3 /* animals.json */; };
		057F3FE1289D14040027DBA3 /* locations.json in Resources */ = {isa = PBXBuildFile; fileRef = 057F3FDD289D14040027DBA3 /* locations.json */; };
		057F3FE3289D14040027DBA3 /* videos.json in Resources */ = {isa = PBXBuildFile; fileRef = 057F3FDF289D14040027DBA3 /* videos.json */; };
		057F3FE5289D14460027DBA3 /* covers.json in Resources */ = {isa = PBXBuildFile; fileRef = 057F3FE4289D14460027DBA3 /* covers.json */; };
		057F3FE7289D3ADD0027DBA3 /* AnimalListItemView.swift in Sources */ = {isa = PBXBuildFile; fileRef = 057F3FE6289D3ADD0027DBA3 /* AnimalListItemView.swift */; };
		057F3FE9289D3E0E0027DBA3 /* AnimalModel.swift in Sources */ = {isa = PBXBuildFile; fileRef = 057F3FE8289D3E0E0027DBA3 /* AnimalModel.swift */; };
		057F3FEB289D46250027DBA3 /* AnimalDetailView.swift in Sources */ = {isa = PBXBuildFile; fileRef = 057F3FEA289D46240027DBA3 /* AnimalDetailView.swift */; };
		05A554CC289D89CE009BBEE5 /* HeadingView.swift in Sources */ = {isa = PBXBuildFile; fileRef = 05A554CB289D89CE009BBEE5 /* HeadingView.swift */; };
		05A554CE289DAE2B009BBEE5 /* InsetGalleryView.swift in Sources */ = {isa = PBXBuildFile; fileRef = 05A554CD289DAE2B009BBEE5 /* InsetGalleryView.swift */; };
		05B0F07028A01A0200DBB0D1 /* ExternalWeblinkView.swift in Sources */ = {isa = PBXBuildFile; fileRef = 05B0F06F28A01A0200DBB0D1 /* ExternalWeblinkView.swift */; };
		05B0F07228A0227600DBB0D1 /* VideoModel.swift in Sources */ = {isa = PBXBuildFile; fileRef = 05B0F07128A0227600DBB0D1 /* VideoModel.swift */; };
		05B0F07428A0233000DBB0D1 /* VideoListItemView.swift in Sources */ = {isa = PBXBuildFile; fileRef = 05B0F07328A0233000DBB0D1 /* VideoListItemView.swift */; };
		05B0F07628A03B7C00DBB0D1 /* VideoPlayerView.swift in Sources */ = {isa = PBXBuildFile; fileRef = 05B0F07528A03B7C00DBB0D1 /* VideoPlayerView.swift */; };
		05B0F07828A0CB7300DBB0D1 /* VideoPlayerHelper.swift in Sources */ = {isa = PBXBuildFile; fileRef = 05B0F07728A0CB7300DBB0D1 /* VideoPlayerHelper.swift */; };
		05B0F08628A0FDEB00DBB0D1 /* giraffe.mp4 in Resources */ = {isa = PBXBuildFile; fileRef = 05B0F07C28A0FDEB00DBB0D1 /* giraffe.mp4 */; };
		05B0F08728A0FDEB00DBB0D1 /* ostrich.mp4 in Resources */ = {isa = PBXBuildFile; fileRef = 05B0F07D28A0FDEB00DBB0D1 /* ostrich.mp4 */; };
		05B0F08828A0FDEB00DBB0D1 /* zebra.mp4 in Resources */ = {isa = PBXBuildFile; fileRef = 05B0F07E28A0FDEB00DBB0D1 /* zebra.mp4 */; };
		05B0F08928A0FDEB00DBB0D1 /* hippo.mp4 in Resources */ = {isa = PBXBuildFile; fileRef = 05B0F07F28A0FDEB00DBB0D1 /* hippo.mp4 */; };
		05B0F08A28A0FDEB00DBB0D1 /* cheetah.mp4 in Resources */ = {isa = PBXBuildFile; fileRef = 05B0F08028A0FDEB00DBB0D1 /* cheetah.mp4 */; };
		05B0F08B28A0FDEB00DBB0D1 /* gorilla.mp4 in Resources */ = {isa = PBXBuildFile; fileRef = 05B0F08128A0FDEB00DBB0D1 /* gorilla.mp4 */; };
		05B0F08C28A0FDEB00DBB0D1 /* elephant.mp4 in Resources */ = {isa = PBXBuildFile; fileRef = 05B0F08228A0FDEB00DBB0D1 /* elephant.mp4 */; };
		05B0F08D28A0FDEB00DBB0D1 /* lioness.mp4 in Resources */ = {isa = PBXBuildFile; fileRef = 05B0F08328A0FDEB00DBB0D1 /* lioness.mp4 */; };
		05B0F08E28A0FDEB00DBB0D1 /* lion.mp4 in Resources */ = {isa = PBXBuildFile; fileRef = 05B0F08428A0FDEB00DBB0D1 /* lion.mp4 */; };
		05B0F08F28A0FDEB00DBB0D1 /* rhino.mp4 in Resources */ = {isa = PBXBuildFile; fileRef = 05B0F08528A0FDEB00DBB0D1 /* rhino.mp4 */; };
		05BB06A028A2D310002D2812 /* LocationModel.swift in Sources */ = {isa = PBXBuildFile; fileRef = 05BB069F28A2D310002D2812 /* LocationModel.swift */; };
		05BB06A228A2F64E002D2812 /* MapAnnotationView.swift in Sources */ = {isa = PBXBuildFile; fileRef = 05BB06A128A2F64E002D2812 /* MapAnnotationView.swift */; };
		05C658C328A008590074B358 /* InsetFactsView.swift in Sources */ = {isa = PBXBuildFile; fileRef = 05C658C228A008590074B358 /* InsetFactsView.swift */; };
		05C658C728A00C7F0074B358 /* InsetMapView.swift in Sources */ = {isa = PBXBuildFile; fileRef = 05C658C628A00C7F0074B358 /* InsetMapView.swift */; };
/* End PBXBuildFile section */

/* Begin PBXContainerItemProxy section */
		0538A81628A783C8003AE489 /* PBXContainerItemProxy */ = {
			isa = PBXContainerItemProxy;
			containerPortal = 052AD6D6289A5DC100634F50 /* Project object */;
			proxyType = 1;
			remoteGlobalIDString = 0538A81028A783C6003AE489;
			remoteInfo = Stickers;
		};
/* End PBXContainerItemProxy section */

/* Begin PBXCopyFilesBuildPhase section */
		0538A81C28A783C8003AE489 /* Embed App Extensions */ = {
			isa = PBXCopyFilesBuildPhase;
			buildActionMask = 2147483647;
			dstPath = "";
			dstSubfolderSpec = 13;
			files = (
				0538A81828A783C8003AE489 /* Stickers.appex in Embed App Extensions */,
			);
			name = "Embed App Extensions";
			runOnlyForDeploymentPostprocessing = 0;
		};
/* End PBXCopyFilesBuildPhase section */

/* Begin PBXFileReference section */
		052AD6DE289A5DC100634F50 /* Africa.app */ = {isa = PBXFileReference; explicitFileType = wrapper.application; includeInIndex = 0; path = Africa.app; sourceTree = BUILT_PRODUCTS_DIR; };
		052AD6E1289A5DC100634F50 /* AfricaApp.swift */ = {isa = PBXFileReference; lastKnownFileType = sourcecode.swift; path = AfricaApp.swift; sourceTree = "<group>"; };
		052AD6E3289A5DC100634F50 /* ContentView.swift */ = {isa = PBXFileReference; lastKnownFileType = sourcecode.swift; path = ContentView.swift; sourceTree = "<group>"; };
		052AD6E5289A5DC300634F50 /* Assets.xcassets */ = {isa = PBXFileReference; lastKnownFileType = folder.assetcatalog; path = Assets.xcassets; sourceTree = "<group>"; };
		052AD6E8289A5DC300634F50 /* Preview Assets.xcassets */ = {isa = PBXFileReference; lastKnownFileType = folder.assetcatalog; path = "Preview Assets.xcassets"; sourceTree = "<group>"; };
		052AD71D289A639500634F50 /* Info.plist */ = {isa = PBXFileReference; lastKnownFileType = text.plist.xml; path = Info.plist; sourceTree = "<group>"; };
		052AD722289A690300634F50 /* VideoListView.swift */ = {isa = PBXFileReference; lastKnownFileType = sourcecode.swift; path = VideoListView.swift; sourceTree = "<group>"; };
		052AD724289A691300634F50 /* MapView.swift */ = {isa = PBXFileReference; lastKnownFileType = sourcecode.swift; path = MapView.swift; sourceTree = "<group>"; };
		052AD726289A692200634F50 /* GalleryView.swift */ = {isa = PBXFileReference; lastKnownFileType = sourcecode.swift; path = GalleryView.swift; sourceTree = "<group>"; };
		052AD728289A692C00634F50 /* MainView.swift */ = {isa = PBXFileReference; lastKnownFileType = sourcecode.swift; path = MainView.swift; sourceTree = "<group>"; };
		052AD72D289A6A1400634F50 /* TabBarItemView.swift */ = {isa = PBXFileReference; lastKnownFileType = sourcecode.swift; path = TabBarItemView.swift; sourceTree = "<group>"; };
		052AD72F289A6EF200634F50 /* CoverImageView.swift */ = {isa = PBXFileReference; lastKnownFileType = sourcecode.swift; path = CoverImageView.swift; sourceTree = "<group>"; };
		052AD733289A705A00634F50 /* CoverImageModel.swift */ = {isa = PBXFileReference; lastKnownFileType = sourcecode.swift; path = CoverImageModel.swift; sourceTree = "<group>"; };
		0538A80D28A773CE003AE489 /* AnimalGridItem.swift */ = {isa = PBXFileReference; lastKnownFileType = sourcecode.swift; path = AnimalGridItem.swift; sourceTree = "<group>"; };
		0538A81128A783C6003AE489 /* Stickers.appex */ = {isa = PBXFileReference; explicitFileType = "wrapper.app-extension"; includeInIndex = 0; path = Stickers.appex; sourceTree = BUILT_PRODUCTS_DIR; };
		0538A81328A783C8003AE489 /* Stickers.xcassets */ = {isa = PBXFileReference; lastKnownFileType = folder.assetcatalog; path = Stickers.xcassets; sourceTree = "<group>"; };
		0538A81528A783C8003AE489 /* Info.plist */ = {isa = PBXFileReference; lastKnownFileType = text.plist.xml; path = Info.plist; sourceTree = "<group>"; };
		053B057628A4B93500DC63C9 /* MotionAnimationView.swift */ = {isa = PBXFileReference; lastKnownFileType = sourcecode.swift; path = MotionAnimationView.swift; sourceTree = "<group>"; };
		057656F928A7F71400B533E5 /* Africa.entitlements */ = {isa = PBXFileReference; lastKnownFileType = text.plist.entitlements; path = Africa.entitlements; sourceTree = "<group>"; };
		057F3FBF289C369E0027DBA3 /* CodableBundleExtension.swift */ = {isa = PBXFileReference; lastKnownFileType = sourcecode.swift; path = CodableBundleExtension.swift; sourceTree = "<group>"; };
		057F3FDC289D14040027DBA3 /* animals.json */ = {isa = PBXFileReference; fileEncoding = 4; lastKnownFileType = text.json; path = animals.json; sourceTree = "<group>"; };
		057F3FDD289D14040027DBA3 /* locations.json */ = {isa = PBXFileReference; fileEncoding = 4; lastKnownFileType = text.json; path = locations.json; sourceTree = "<group>"; };
		057F3FDF289D14040027DBA3 /* videos.json */ = {isa = PBXFileReference; fileEncoding = 4; lastKnownFileType = text.json; path = videos.json; sourceTree = "<group>"; };
		057F3FE4289D14460027DBA3 /* covers.json */ = {isa = PBXFileReference; lastKnownFileType = text.json; path = covers.json; sourceTree = "<group>"; };
		057F3FE6289D3ADD0027DBA3 /* AnimalListItemView.swift */ = {isa = PBXFileReference; lastKnownFileType = sourcecode.swift; path = AnimalListItemView.swift; sourceTree = "<group>"; };
		057F3FE8289D3E0E0027DBA3 /* AnimalModel.swift */ = {isa = PBXFileReference; lastKnownFileType = sourcecode.swift; path = AnimalModel.swift; sourceTree = "<group>"; };
		057F3FEA289D46240027DBA3 /* AnimalDetailView.swift */ = {isa = PBXFileReference; lastKnownFileType = sourcecode.swift; path = AnimalDetailView.swift; sourceTree = "<group>"; };
		05A554CB289D89CE009BBEE5 /* HeadingView.swift */ = {isa = PBXFileReference; lastKnownFileType = sourcecode.swift; path = HeadingView.swift; sourceTree = "<group>"; };
		05A554CD289DAE2B009BBEE5 /* InsetGalleryView.swift */ = {isa = PBXFileReference; lastKnownFileType = sourcecode.swift; path = InsetGalleryView.swift; sourceTree = "<group>"; };
		05B0F06F28A01A0200DBB0D1 /* ExternalWeblinkView.swift */ = {isa = PBXFileReference; lastKnownFileType = sourcecode.swift; path = ExternalWeblinkView.swift; sourceTree = "<group>"; };
		05B0F07128A0227600DBB0D1 /* VideoModel.swift */ = {isa = PBXFileReference; lastKnownFileType = sourcecode.swift; path = VideoModel.swift; sourceTree = "<group>"; };
		05B0F07328A0233000DBB0D1 /* VideoListItemView.swift */ = {isa = PBXFileReference; lastKnownFileType = sourcecode.swift; path = VideoListItemView.swift; sourceTree = "<group>"; };
		05B0F07528A03B7C00DBB0D1 /* VideoPlayerView.swift */ = {isa = PBXFileReference; lastKnownFileType = sourcecode.swift; path = VideoPlayerView.swift; sourceTree = "<group>"; };
		05B0F07728A0CB7300DBB0D1 /* VideoPlayerHelper.swift */ = {isa = PBXFileReference; lastKnownFileType = sourcecode.swift; path = VideoPlayerHelper.swift; sourceTree = "<group>"; };
		05B0F07C28A0FDEB00DBB0D1 /* giraffe.mp4 */ = {isa = PBXFileReference; lastKnownFileType = file; path = giraffe.mp4; sourceTree = "<group>"; };
		05B0F07D28A0FDEB00DBB0D1 /* ostrich.mp4 */ = {isa = PBXFileReference; lastKnownFileType = file; path = ostrich.mp4; sourceTree = "<group>"; };
		05B0F07E28A0FDEB00DBB0D1 /* zebra.mp4 */ = {isa = PBXFileReference; lastKnownFileType = file; path = zebra.mp4; sourceTree = "<group>"; };
		05B0F07F28A0FDEB00DBB0D1 /* hippo.mp4 */ = {isa = PBXFileReference; lastKnownFileType = file; path = hippo.mp4; sourceTree = "<group>"; };
		05B0F08028A0FDEB00DBB0D1 /* cheetah.mp4 */ = {isa = PBXFileReference; lastKnownFileType = file; path = cheetah.mp4; sourceTree = "<group>"; };
		05B0F08128A0FDEB00DBB0D1 /* gorilla.mp4 */ = {isa = PBXFileReference; lastKnownFileType = file; path = gorilla.mp4; sourceTree = "<group>"; };
		05B0F08228A0FDEB00DBB0D1 /* elephant.mp4 */ = {isa = PBXFileReference; lastKnownFileType = file; path = elephant.mp4; sourceTree = "<group>"; };
		05B0F08328A0FDEB00DBB0D1 /* lioness.mp4 */ = {isa = PBXFileReference; lastKnownFileType = file; path = lioness.mp4; sourceTree = "<group>"; };
		05B0F08428A0FDEB00DBB0D1 /* lion.mp4 */ = {isa = PBXFileReference; lastKnownFileType = file; path = lion.mp4; sourceTree = "<group>"; };
		05B0F08528A0FDEB00DBB0D1 /* rhino.mp4 */ = {isa = PBXFileReference; lastKnownFileType = file; path = rhino.mp4; sourceTree = "<group>"; };
		05BB069F28A2D310002D2812 /* LocationModel.swift */ = {isa = PBXFileReference; lastKnownFileType = sourcecode.swift; path = LocationModel.swift; sourceTree = "<group>"; };
		05BB06A128A2F64E002D2812 /* MapAnnotationView.swift */ = {isa = PBXFileReference; lastKnownFileType = sourcecode.swift; path = MapAnnotationView.swift; sourceTree = "<group>"; };
		05C658C228A008590074B358 /* InsetFactsView.swift */ = {isa = PBXFileReference; lastKnownFileType = sourcecode.swift; path = InsetFactsView.swift; sourceTree = "<group>"; };
		05C658C628A00C7F0074B358 /* InsetMapView.swift */ = {isa = PBXFileReference; lastKnownFileType = sourcecode.swift; path = InsetMapView.swift; sourceTree = "<group>"; };
/* End PBXFileReference section */

/* Begin PBXFrameworksBuildPhase section */
		052AD6DB289A5DC100634F50 /* Frameworks */ = {
			isa = PBXFrameworksBuildPhase;
			buildActionMask = 2147483647;
			files = (
			);
			runOnlyForDeploymentPostprocessing = 0;
		};
/* End PBXFrameworksBuildPhase section */

/* Begin PBXGroup section */
		052AD6D5289A5DC100634F50 = {
			isa = PBXGroup;
			children = (
				052AD6E0289A5DC100634F50 /* Africa */,
				0538A81228A783C6003AE489 /* Stickers */,
				052AD6DF289A5DC100634F50 /* Products */,
			);
			sourceTree = "<group>";
		};
		052AD6DF289A5DC100634F50 /* Products */ = {
			isa = PBXGroup;
			children = (
				052AD6DE289A5DC100634F50 /* Africa.app */,
				0538A81128A783C6003AE489 /* Stickers.appex */,
			);
			name = Products;
			sourceTree = "<group>";
		};
		052AD6E0289A5DC100634F50 /* Africa */ = {
			isa = PBXGroup;
			children = (
				057656F928A7F71400B533E5 /* Africa.entitlements */,
				057F3FBE289C36660027DBA3 /* Extension */,
				052AD71E289A64AD00634F50 /* App */,
				052AD731289A6EFA00634F50 /* View */,
				052AD720289A68CF00634F50 /* TabViews */,
				052AD72A289A69EA00634F50 /* CustonView */,
				052AD732289A700F00634F50 /* Model */,
				052AD71F289A64CE00634F50 /* Helpers */,
				052AD6E7289A5DC300634F50 /* Preview Content */,
			);
			path = Africa;
			sourceTree = "<group>";
		};
		052AD6E7289A5DC300634F50 /* Preview Content */ = {
			isa = PBXGroup;
			children = (
				052AD6E8289A5DC300634F50 /* Preview Assets.xcassets */,
			);
			path = "Preview Content";
			sourceTree = "<group>";
		};
		052AD71E289A64AD00634F50 /* App */ = {
			isa = PBXGroup;
			children = (
				052AD6E1289A5DC100634F50 /* AfricaApp.swift */,
			);
			path = App;
			sourceTree = "<group>";
		};
		052AD71F289A64CE00634F50 /* Helpers */ = {
			isa = PBXGroup;
			children = (
				05B0F07B28A0FDEB00DBB0D1 /* video */,
				057F3FD3289D0C8A0027DBA3 /* Data */,
				052AD71D289A639500634F50 /* Info.plist */,
				052AD6E5289A5DC300634F50 /* Assets.xcassets */,
				05B0F07728A0CB7300DBB0D1 /* VideoPlayerHelper.swift */,
			);
			path = Helpers;
			sourceTree = "<group>";
		};
		052AD720289A68CF00634F50 /* TabViews */ = {
			isa = PBXGroup;
			children = (
				052AD728289A692C00634F50 /* MainView.swift */,
				052AD6E3289A5DC100634F50 /* ContentView.swift */,
				052AD722289A690300634F50 /* VideoListView.swift */,
				052AD724289A691300634F50 /* MapView.swift */,
				052AD726289A692200634F50 /* GalleryView.swift */,
			);
			path = TabViews;
			sourceTree = "<group>";
		};
		052AD72A289A69EA00634F50 /* CustonView */ = {
			isa = PBXGroup;
			children = (
				052AD72D289A6A1400634F50 /* TabBarItemView.swift */,
				052AD72F289A6EF200634F50 /* CoverImageView.swift */,
				057F3FE6289D3ADD0027DBA3 /* AnimalListItemView.swift */,
				05A554CB289D89CE009BBEE5 /* HeadingView.swift */,
				05A554CD289DAE2B009BBEE5 /* InsetGalleryView.swift */,
				05C658C228A008590074B358 /* InsetFactsView.swift */,
				05C658C628A00C7F0074B358 /* InsetMapView.swift */,
				05B0F06F28A01A0200DBB0D1 /* ExternalWeblinkView.swift */,
				05B0F07328A0233000DBB0D1 /* VideoListItemView.swift */,
				05B0F07528A03B7C00DBB0D1 /* VideoPlayerView.swift */,
				05BB06A128A2F64E002D2812 /* MapAnnotationView.swift */,
				0538A80D28A773CE003AE489 /* AnimalGridItem.swift */,
			);
			path = CustonView;
			sourceTree = "<group>";
		};
		052AD731289A6EFA00634F50 /* View */ = {
			isa = PBXGroup;
			children = (
				057F3FEA289D46240027DBA3 /* AnimalDetailView.swift */,
				053B057628A4B93500DC63C9 /* MotionAnimationView.swift */,
			);
			path = View;
			sourceTree = "<group>";
		};
		052AD732289A700F00634F50 /* Model */ = {
			isa = PBXGroup;
			children = (
				052AD733289A705A00634F50 /* CoverImageModel.swift */,
				057F3FE8289D3E0E0027DBA3 /* AnimalModel.swift */,
				05B0F07128A0227600DBB0D1 /* VideoModel.swift */,
				05BB069F28A2D310002D2812 /* LocationModel.swift */,
			);
			path = Model;
			sourceTree = "<group>";
		};
		0538A81228A783C6003AE489 /* Stickers */ = {
			isa = PBXGroup;
			children = (
				0538A81328A783C8003AE489 /* Stickers.xcassets */,
				0538A81528A783C8003AE489 /* Info.plist */,
			);
			path = Stickers;
			sourceTree = "<group>";
		};
		057F3FBE289C36660027DBA3 /* Extension */ = {
			isa = PBXGroup;
			children = (
				057F3FBF289C369E0027DBA3 /* CodableBundleExtension.swift */,
			);
			path = Extension;
			sourceTree = "<group>";
		};
		057F3FD3289D0C8A0027DBA3 /* Data */ = {
			isa = PBXGroup;
			children = (
				057F3FDC289D14040027DBA3 /* animals.json */,
				057F3FDD289D14040027DBA3 /* locations.json */,
				057F3FDF289D14040027DBA3 /* videos.json */,
				057F3FE4289D14460027DBA3 /* covers.json */,
			);
			path = Data;
			sourceTree = "<group>";
		};
		05B0F07B28A0FDEB00DBB0D1 /* video */ = {
			isa = PBXGroup;
			children = (
				05B0F07C28A0FDEB00DBB0D1 /* giraffe.mp4 */,
				05B0F07D28A0FDEB00DBB0D1 /* ostrich.mp4 */,
				05B0F07E28A0FDEB00DBB0D1 /* zebra.mp4 */,
				05B0F07F28A0FDEB00DBB0D1 /* hippo.mp4 */,
				05B0F08028A0FDEB00DBB0D1 /* cheetah.mp4 */,
				05B0F08128A0FDEB00DBB0D1 /* gorilla.mp4 */,
				05B0F08228A0FDEB00DBB0D1 /* elephant.mp4 */,
				05B0F08328A0FDEB00DBB0D1 /* lioness.mp4 */,
				05B0F08428A0FDEB00DBB0D1 /* lion.mp4 */,
				05B0F08528A0FDEB00DBB0D1 /* rhino.mp4 */,
			);
			path = video;
			sourceTree = "<group>";
		};
/* End PBXGroup section */

/* Begin PBXNativeTarget section */
		052AD6DD289A5DC100634F50 /* Africa */ = {
			isa = PBXNativeTarget;
			buildConfigurationList = 052AD6EC289A5DC300634F50 /* Build configuration list for PBXNativeTarget "Africa" */;
			buildPhases = (
				052AD6DA289A5DC100634F50 /* Sources */,
				052AD6DB289A5DC100634F50 /* Frameworks */,
				052AD6DC289A5DC100634F50 /* Resources */,
				0538A81C28A783C8003AE489 /* Embed App Extensions */,
			);
			buildRules = (
			);
			dependencies = (
				0538A81728A783C8003AE489 /* PBXTargetDependency */,
			);
			name = Africa;
			productName = Africa;
			productReference = 052AD6DE289A5DC100634F50 /* Africa.app */;
			productType = "com.apple.product-type.application";
		};
		0538A81028A783C6003AE489 /* Stickers */ = {
			isa = PBXNativeTarget;
			buildConfigurationList = 0538A81928A783C8003AE489 /* Build configuration list for PBXNativeTarget "Stickers" */;
			buildPhases = (
				0538A80F28A783C6003AE489 /* Resources */,
			);
			buildRules = (
			);
			dependencies = (
			);
			name = Stickers;
			productName = Stickers;
			productReference = 0538A81128A783C6003AE489 /* Stickers.appex */;
			productType = "com.apple.product-type.app-extension.messages-sticker-pack";
		};
/* End PBXNativeTarget section */

/* Begin PBXProject section */
		052AD6D6289A5DC100634F50 /* Project object */ = {
			isa = PBXProject;
			attributes = {
				BuildIndependentTargetsInParallel = 1;
				LastSwiftUpdateCheck = 1340;
				LastUpgradeCheck = 1340;
				TargetAttributes = {
					052AD6DD289A5DC100634F50 = {
						CreatedOnToolsVersion = 13.4.1;
					};
					0538A81028A783C6003AE489 = {
						CreatedOnToolsVersion = 13.4.1;
					};
				};
			};
			buildConfigurationList = 052AD6D9289A5DC100634F50 /* Build configuration list for PBXProject "Africa" */;
			compatibilityVersion = "Xcode 13.0";
			developmentRegion = en;
			hasScannedForEncodings = 0;
			knownRegions = (
				en,
				Base,
			);
			mainGroup = 052AD6D5289A5DC100634F50;
			productRefGroup = 052AD6DF289A5DC100634F50 /* Products */;
			projectDirPath = "";
			projectRoot = "";
			targets = (
				052AD6DD289A5DC100634F50 /* Africa */,
				0538A81028A783C6003AE489 /* Stickers */,
			);
		};
/* End PBXProject section */

/* Begin PBXResourcesBuildPhase section */
		052AD6DC289A5DC100634F50 /* Resources */ = {
			isa = PBXResourcesBuildPhase;
			buildActionMask = 2147483647;
			files = (
				05B0F08928A0FDEB00DBB0D1 /* hippo.mp4 in Resources */,
				057F3FE5289D14460027DBA3 /* covers.json in Resources */,
				057F3FE0289D14040027DBA3 /* animals.json in Resources */,
				057F3FE3289D14040027DBA3 /* videos.json in Resources */,
				05B0F08B28A0FDEB00DBB0D1 /* gorilla.mp4 in Resources */,
				05B0F08D28A0FDEB00DBB0D1 /* lioness.mp4 in Resources */,
				05B0F08C28A0FDEB00DBB0D1 /* elephant.mp4 in Resources */,
				057F3FE1289D14040027DBA3 /* locations.json in Resources */,
				05B0F08F28A0FDEB00DBB0D1 /* rhino.mp4 in Resources */,
				052AD6E9289A5DC300634F50 /* Preview Assets.xcassets in Resources */,
				05B0F08628A0FDEB00DBB0D1 /* giraffe.mp4 in Resources */,
				05B0F08728A0FDEB00DBB0D1 /* ostrich.mp4 in Resources */,
				05B0F08828A0FDEB00DBB0D1 /* zebra.mp4 in Resources */,
				052AD6E6289A5DC300634F50 /* Assets.xcassets in Resources */,
				05B0F08E28A0FDEB00DBB0D1 /* lion.mp4 in Resources */,
				05B0F08A28A0FDEB00DBB0D1 /* cheetah.mp4 in Resources */,
			);
			runOnlyForDeploymentPostprocessing = 0;
		};
		0538A80F28A783C6003AE489 /* Resources */ = {
			isa = PBXResourcesBuildPhase;
			buildActionMask = 2147483647;
			files = (
				0538A81428A783C8003AE489 /* Stickers.xcassets in Resources */,
			);
			runOnlyForDeploymentPostprocessing = 0;
		};
/* End PBXResourcesBuildPhase section */

/* Begin PBXSourcesBuildPhase section */
		052AD6DA289A5DC100634F50 /* Sources */ = {
			isa = PBXSourcesBuildPhase;
			buildActionMask = 2147483647;
			files = (
				05B0F07428A0233000DBB0D1 /* VideoListItemView.swift in Sources */,
				057F3FE7289D3ADD0027DBA3 /* AnimalListItemView.swift in Sources */,
				052AD6E4289A5DC100634F50 /* ContentView.swift in Sources */,
				05BB06A028A2D310002D2812 /* LocationModel.swift in Sources */,
				05A554CE289DAE2B009BBEE5 /* InsetGalleryView.swift in Sources */,
				052AD72E289A6A1400634F50 /* TabBarItemView.swift in Sources */,
				0538A80E28A773CE003AE489 /* AnimalGridItem.swift in Sources */,
				052AD729289A692C00634F50 /* MainView.swift in Sources */,
				057F3FEB289D46250027DBA3 /* AnimalDetailView.swift in Sources */,
				05A554CC289D89CE009BBEE5 /* HeadingView.swift in Sources */,
				052AD727289A692200634F50 /* GalleryView.swift in Sources */,
				05B0F07028A01A0200DBB0D1 /* ExternalWeblinkView.swift in Sources */,
				057F3FC0289C369E0027DBA3 /* CodableBundleExtension.swift in Sources */,
				052AD734289A705A00634F50 /* CoverImageModel.swift in Sources */,
				05B0F07228A0227600DBB0D1 /* VideoModel.swift in Sources */,
				057F3FE9289D3E0E0027DBA3 /* AnimalModel.swift in Sources */,
				052AD730289A6EF200634F50 /* CoverImageView.swift in Sources */,
				052AD725289A691300634F50 /* MapView.swift in Sources */,
				052AD6E2289A5DC100634F50 /* AfricaApp.swift in Sources */,
				05C658C728A00C7F0074B358 /* InsetMapView.swift in Sources */,
				05C658C328A008590074B358 /* InsetFactsView.swift in Sources */,
				052AD723289A690300634F50 /* VideoListView.swift in Sources */,
				05B0F07828A0CB7300DBB0D1 /* VideoPlayerHelper.swift in Sources */,
				05B0F07628A03B7C00DBB0D1 /* VideoPlayerView.swift in Sources */,
				05BB06A228A2F64E002D2812 /* MapAnnotationView.swift in Sources */,
				053B057728A4B93500DC63C9 /* MotionAnimationView.swift in Sources */,
			);
			runOnlyForDeploymentPostprocessing = 0;
		};
/* End PBXSourcesBuildPhase section */

/* Begin PBXTargetDependency section */
		0538A81728A783C8003AE489 /* PBXTargetDependency */ = {
			isa = PBXTargetDependency;
			platformFilter = ios;
			target = 0538A81028A783C6003AE489 /* Stickers */;
			targetProxy = 0538A81628A783C8003AE489 /* PBXContainerItemProxy */;
		};
/* End PBXTargetDependency section */

/* Begin XCBuildConfiguration section */
		052AD6EA289A5DC300634F50 /* Debug */ = {
			isa = XCBuildConfiguration;
			buildSettings = {
				ALWAYS_SEARCH_USER_PATHS = NO;
				CLANG_ANALYZER_NONNULL = YES;
				CLANG_ANALYZER_NUMBER_OBJECT_CONVERSION = YES_AGGRESSIVE;
				CLANG_CXX_LANGUAGE_STANDARD = "gnu++17";
				CLANG_ENABLE_MODULES = YES;
				CLANG_ENABLE_OBJC_ARC = YES;
				CLANG_ENABLE_OBJC_WEAK = YES;
				CLANG_WARN_BLOCK_CAPTURE_AUTORELEASING = YES;
				CLANG_WARN_BOOL_CONVERSION = YES;
				CLANG_WARN_COMMA = YES;
				CLANG_WARN_CONSTANT_CONVERSION = YES;
				CLANG_WARN_DEPRECATED_OBJC_IMPLEMENTATIONS = YES;
				CLANG_WARN_DIRECT_OBJC_ISA_USAGE = YES_ERROR;
				CLANG_WARN_DOCUMENTATION_COMMENTS = YES;
				CLANG_WARN_EMPTY_BODY = YES;
				CLANG_WARN_ENUM_CONVERSION = YES;
				CLANG_WARN_INFINITE_RECURSION = YES;
				CLANG_WARN_INT_CONVERSION = YES;
				CLANG_WARN_NON_LITERAL_NULL_CONVERSION = YES;
				CLANG_WARN_OBJC_IMPLICIT_RETAIN_SELF = YES;
				CLANG_WARN_OBJC_LITERAL_CONVERSION = YES;
				CLANG_WARN_OBJC_ROOT_CLASS = YES_ERROR;
				CLANG_WARN_QUOTED_INCLUDE_IN_FRAMEWORK_HEADER = YES;
				CLANG_WARN_RANGE_LOOP_ANALYSIS = YES;
				CLANG_WARN_STRICT_PROTOTYPES = YES;
				CLANG_WARN_SUSPICIOUS_MOVE = YES;
				CLANG_WARN_UNGUARDED_AVAILABILITY = YES_AGGRESSIVE;
				CLANG_WARN_UNREACHABLE_CODE = YES;
				CLANG_WARN__DUPLICATE_METHOD_MATCH = YES;
				COPY_PHASE_STRIP = NO;
				DEBUG_INFORMATION_FORMAT = dwarf;
				ENABLE_STRICT_OBJC_MSGSEND = YES;
				ENABLE_TESTABILITY = YES;
				GCC_C_LANGUAGE_STANDARD = gnu11;
				GCC_DYNAMIC_NO_PIC = NO;
				GCC_NO_COMMON_BLOCKS = YES;
				GCC_OPTIMIZATION_LEVEL = 0;
				GCC_PREPROCESSOR_DEFINITIONS = (
					"DEBUG=1",
					"$(inherited)",
				);
				GCC_WARN_64_TO_32_BIT_CONVERSION = YES;
				GCC_WARN_ABOUT_RETURN_TYPE = YES_ERROR;
				GCC_WARN_UNDECLARED_SELECTOR = YES;
				GCC_WARN_UNINITIALIZED_AUTOS = YES_AGGRESSIVE;
				GCC_WARN_UNUSED_FUNCTION = YES;
				GCC_WARN_UNUSED_VARIABLE = YES;
				IPHONEOS_DEPLOYMENT_TARGET = 15.5;
				MTL_ENABLE_DEBUG_INFO = INCLUDE_SOURCE;
				MTL_FAST_MATH = YES;
				ONLY_ACTIVE_ARCH = YES;
				SDKROOT = iphoneos;
				SWIFT_ACTIVE_COMPILATION_CONDITIONS = DEBUG;
				SWIFT_OPTIMIZATION_LEVEL = "-Onone";
			};
			name = Debug;
		};
		052AD6EB289A5DC300634F50 /* Release */ = {
			isa = XCBuildConfiguration;
			buildSettings = {
				ALWAYS_SEARCH_USER_PATHS = NO;
				CLANG_ANALYZER_NONNULL = YES;
				CLANG_ANALYZER_NUMBER_OBJECT_CONVERSION = YES_AGGRESSIVE;
				CLANG_CXX_LANGUAGE_STANDARD = "gnu++17";
				CLANG_ENABLE_MODULES = YES;
				CLANG_ENABLE_OBJC_ARC = YES;
				CLANG_ENABLE_OBJC_WEAK = YES;
				CLANG_WARN_BLOCK_CAPTURE_AUTORELEASING = YES;
				CLANG_WARN_BOOL_CONVERSION = YES;
				CLANG_WARN_COMMA = YES;
				CLANG_WARN_CONSTANT_CONVERSION = YES;
				CLANG_WARN_DEPRECATED_OBJC_IMPLEMENTATIONS = YES;
				CLANG_WARN_DIRECT_OBJC_ISA_USAGE = YES_ERROR;
				CLANG_WARN_DOCUMENTATION_COMMENTS = YES;
				CLANG_WARN_EMPTY_BODY = YES;
				CLANG_WARN_ENUM_CONVERSION = YES;
				CLANG_WARN_INFINITE_RECURSION = YES;
				CLANG_WARN_INT_CONVERSION = YES;
				CLANG_WARN_NON_LITERAL_NULL_CONVERSION = YES;
				CLANG_WARN_OBJC_IMPLICIT_RETAIN_SELF = YES;
				CLANG_WARN_OBJC_LITERAL_CONVERSION = YES;
				CLANG_WARN_OBJC_ROOT_CLASS = YES_ERROR;
				CLANG_WARN_QUOTED_INCLUDE_IN_FRAMEWORK_HEADER = YES;
				CLANG_WARN_RANGE_LOOP_ANALYSIS = YES;
				CLANG_WARN_STRICT_PROTOTYPES = YES;
				CLANG_WARN_SUSPICIOUS_MOVE = YES;
				CLANG_WARN_UNGUARDED_AVAILABILITY = YES_AGGRESSIVE;
				CLANG_WARN_UNREACHABLE_CODE = YES;
				CLANG_WARN__DUPLICATE_METHOD_MATCH = YES;
				COPY_PHASE_STRIP = NO;
				DEBUG_INFORMATION_FORMAT = "dwarf-with-dsym";
				ENABLE_NS_ASSERTIONS = NO;
				ENABLE_STRICT_OBJC_MSGSEND = YES;
				GCC_C_LANGUAGE_STANDARD = gnu11;
				GCC_NO_COMMON_BLOCKS = YES;
				GCC_WARN_64_TO_32_BIT_CONVERSION = YES;
				GCC_WARN_ABOUT_RETURN_TYPE = YES_ERROR;
				GCC_WARN_UNDECLARED_SELECTOR = YES;
				GCC_WARN_UNINITIALIZED_AUTOS = YES_AGGRESSIVE;
				GCC_WARN_UNUSED_FUNCTION = YES;
				GCC_WARN_UNUSED_VARIABLE = YES;
				IPHONEOS_DEPLOYMENT_TARGET = 15.5;
				MTL_ENABLE_DEBUG_INFO = NO;
				MTL_FAST_MATH = YES;
				SDKROOT = iphoneos;
				SWIFT_COMPILATION_MODE = wholemodule;
				SWIFT_OPTIMIZATION_LEVEL = "-O";
				VALIDATE_PRODUCT = YES;
			};
			name = Release;
		};
		052AD6ED289A5DC300634F50 /* Debug */ = {
			isa = XCBuildConfiguration;
			buildSettings = {
				ASSETCATALOG_COMPILER_APPICON_NAME = AppIcon;
				ASSETCATALOG_COMPILER_GLOBAL_ACCENT_COLOR_NAME = AccentColor;
				CODE_SIGN_ENTITLEMENTS = Africa/Africa.entitlements;
				CODE_SIGN_STYLE = Automatic;
				CURRENT_PROJECT_VERSION = 1;
				DEVELOPMENT_ASSET_PATHS = "\"Africa/Preview Content\"";
				DEVELOPMENT_TEAM = MJD54HBLFX;
				ENABLE_PREVIEWS = YES;
				GENERATE_INFOPLIST_FILE = YES;
				INFOPLIST_FILE = Africa/Helpers/Info.plist;
				INFOPLIST_KEY_UIApplicationSceneManifest_Generation = YES;
				INFOPLIST_KEY_UIApplicationSupportsIndirectInputEvents = YES;
				INFOPLIST_KEY_UISupportedInterfaceOrientations_iPad = "UIInterfaceOrientationPortrait UIInterfaceOrientationPortraitUpsideDown UIInterfaceOrientationLandscapeLeft UIInterfaceOrientationLandscapeRight";
				INFOPLIST_KEY_UISupportedInterfaceOrientations_iPhone = "UIInterfaceOrientationPortrait UIInterfaceOrientationLandscapeLeft UIInterfaceOrientationLandscapeRight";
				INFOPLIST_KEY_UIUserInterfaceStyle = Dark;
				LD_RUNPATH_SEARCH_PATHS = (
					"$(inherited)",
					"@executable_path/Frameworks",
				);
				MARKETING_VERSION = 1.0;
				PRODUCT_BUNDLE_IDENTIFIER = com.arturkorol.Africa;
				PRODUCT_NAME = "$(TARGET_NAME)";
				SUPPORTS_MACCATALYST = YES;
				SWIFT_EMIT_LOC_STRINGS = YES;
				SWIFT_VERSION = 5.0;
				TARGETED_DEVICE_FAMILY = "1,2,6";
			};
			name = Debug;
		};
		052AD6EE289A5DC300634F50 /* Release */ = {
			isa = XCBuildConfiguration;
			buildSettings = {
				ASSETCATALOG_COMPILER_APPICON_NAME = AppIcon;
				ASSETCATALOG_COMPILER_GLOBAL_ACCENT_COLOR_NAME = AccentColor;
				CODE_SIGN_ENTITLEMENTS = Africa/Africa.entitlements;
				CODE_SIGN_STYLE = Automatic;
				CURRENT_PROJECT_VERSION = 1;
				DEVELOPMENT_ASSET_PATHS = "\"Africa/Preview Content\"";
				DEVELOPMENT_TEAM = MJD54HBLFX;
				ENABLE_PREVIEWS = YES;
				GENERATE_INFOPLIST_FILE = YES;
				INFOPLIST_FILE = Africa/Helpers/Info.plist;
				INFOPLIST_KEY_UIApplicationSceneManifest_Generation = YES;
				INFOPLIST_KEY_UIApplicationSupportsIndirectInputEvents = YES;
				INFOPLIST_KEY_UISupportedInterfaceOrientations_iPad = "UIInterfaceOrientationPortrait UIInterfaceOrientationPortraitUpsideDown UIInterfaceOrientationLandscapeLeft UIInterfaceOrientationLandscapeRight";
				INFOPLIST_KEY_UISupportedInterfaceOrientations_iPhone = "UIInterfaceOrientationPortrait UIInterfaceOrientationLandscapeLeft UIInterfaceOrientationLandscapeRight";
				INFOPLIST_KEY_UIUserInterfaceStyle = Dark;
				LD_RUNPATH_SEARCH_PATHS = (
					"$(inherited)",
					"@executable_path/Frameworks",
				);
				MARKETING_VERSION = 1.0;
				PRODUCT_BUNDLE_IDENTIFIER = com.arturkorol.Africa;
				PRODUCT_NAME = "$(TARGET_NAME)";
				SUPPORTS_MACCATALYST = YES;
				SWIFT_EMIT_LOC_STRINGS = YES;
				SWIFT_VERSION = 5.0;
				TARGETED_DEVICE_FAMILY = "1,2,6";
			};
			name = Release;
		};
		0538A81A28A783C8003AE489 /* Debug */ = {
			isa = XCBuildConfiguration;
			buildSettings = {
				ASSETCATALOG_COMPILER_APPICON_NAME = "iMessage App Icon";
				CODE_SIGN_STYLE = Automatic;
				CURRENT_PROJECT_VERSION = 1;
				DEVELOPMENT_TEAM = MJD54HBLFX;
				GENERATE_INFOPLIST_FILE = YES;
				INFOPLIST_FILE = Stickers/Info.plist;
				INFOPLIST_KEY_CFBundleDisplayName = Africa;
				IPHONEOS_DEPLOYMENT_TARGET = 10.0;
				MARKETING_VERSION = 1.0;
				PRODUCT_BUNDLE_IDENTIFIER = com.arturkorol.Africa.Stickers;
				PRODUCT_NAME = "$(TARGET_NAME)";
				SKIP_INSTALL = YES;
				SUPPORTS_MACCATALYST = NO;
				SWIFT_EMIT_LOC_STRINGS = YES;
				TARGETED_DEVICE_FAMILY = "1,2";
			};
			name = Debug;
		};
		0538A81B28A783C8003AE489 /* Release */ = {
			isa = XCBuildConfiguration;
			buildSettings = {
				ASSETCATALOG_COMPILER_APPICON_NAME = "iMessage App Icon";
				CODE_SIGN_STYLE = Automatic;
				CURRENT_PROJECT_VERSION = 1;
				DEVELOPMENT_TEAM = MJD54HBLFX;
				GENERATE_INFOPLIST_FILE = YES;
				INFOPLIST_FILE = Stickers/Info.plist;
				INFOPLIST_KEY_CFBundleDisplayName = Africa;
				IPHONEOS_DEPLOYMENT_TARGET = 10.0;
				MARKETING_VERSION = 1.0;
				PRODUCT_BUNDLE_IDENTIFIER = com.arturkorol.Africa.Stickers;
				PRODUCT_NAME = "$(TARGET_NAME)";
				SKIP_INSTALL = YES;
				SUPPORTS_MACCATALYST = NO;
				SWIFT_EMIT_LOC_STRINGS = YES;
				TARGETED_DEVICE_FAMILY = "1,2";
			};
			name = Release;
		};
/* End XCBuildConfiguration section */

/* Begin XCConfigurationList section */
		052AD6D9289A5DC100634F50 /* Build configuration list for PBXProject "Africa" */ = {
			isa = XCConfigurationList;
			buildConfigurations = (
				052AD6EA289A5DC300634F50 /* Debug */,
				052AD6EB289A5DC300634F50 /* Release */,
			);
			defaultConfigurationIsVisible = 0;
			defaultConfigurationName = Release;
		};
		052AD6EC289A5DC300634F50 /* Build configuration list for PBXNativeTarget "Africa" */ = {
			isa = XCConfigurationList;
			buildConfigurations = (
				052AD6ED289A5DC300634F50 /* Debug */,
				052AD6EE289A5DC300634F50 /* Release */,
			);
			defaultConfigurationIsVisible = 0;
			defaultConfigurationName = Release;
		};
		0538A81928A783C8003AE489 /* Build configuration list for PBXNativeTarget "Stickers" */ = {
			isa = XCConfigurationList;
			buildConfigurations = (
				0538A81A28A783C8003AE489 /* Debug */,
				0538A81B28A783C8003AE489 /* Release */,
			);
			defaultConfigurationIsVisible = 0;
			defaultConfigurationName = Release;
		};
/* End XCConfigurationList section */
	};
	rootObject = 052AD6D6289A5DC100634F50 /* Project object */;
}
