// !$*UTF8*$!
{
	archiveVersion = 1;
	classes = {
	};
	objectVersion = 55;
	objects = {

/* Begin PBXBuildFile section */
		050483FB28B4E3BF0099A169 /* BackgroundImageView.swift in Sources */ = {isa = PBXBuildFile; fileRef = 050483FA28B4E3BF0099A169 /* BackgroundImageView.swift */; };
		050483FF28B51DDD0099A169 /* NewTaskItemView.swift in Sources */ = {isa = PBXBuildFile; fileRef = 050483FE28B51DDD0099A169 /* NewTaskItemView.swift */; };
		053FB11D28AE2963001B5561 /* DevoteApp.swift in Sources */ = {isa = PBXBuildFile; fileRef = 053FB11C28AE2963001B5561 /* DevoteApp.swift */; };
		053FB11F28AE2963001B5561 /* ContentView.swift in Sources */ = {isa = PBXBuildFile; fileRef = 053FB11E28AE2963001B5561 /* ContentView.swift */; };
		053FB12128AE2965001B5561 /* Assets.xcassets in Resources */ = {isa = PBXBuildFile; fileRef = 053FB12028AE2965001B5561 /* Assets.xcassets */; };
		053FB12428AE2965001B5561 /* Preview Assets.xcassets in Resources */ = {isa = PBXBuildFile; fileRef = 053FB12328AE2965001B5561 /* Preview Assets.xcassets */; };
		053FB12628AE2965001B5561 /* Persistence.swift in Sources */ = {isa = PBXBuildFile; fileRef = 053FB12528AE2965001B5561 /* Persistence.swift */; };
		053FB12928AE2965001B5561 /* Devote.xcdatamodeld in Sources */ = {isa = PBXBuildFile; fileRef = 053FB12728AE2965001B5561 /* Devote.xcdatamodeld */; };
		053FB13228AE2A8B001B5561 /* sound-tap.mp3 in Resources */ = {isa = PBXBuildFile; fileRef = 053FB12F28AE2A8B001B5561 /* sound-tap.mp3 */; };
		053FB13328AE2A8B001B5561 /* sound-ding.mp3 in Resources */ = {isa = PBXBuildFile; fileRef = 053FB13028AE2A8B001B5561 /* sound-ding.mp3 */; };
		053FB13428AE2A8B001B5561 /* sound-rise.mp3 in Resources */ = {isa = PBXBuildFile; fileRef = 053FB13128AE2A8B001B5561 /* sound-rise.mp3 */; };
		053FB14728AF83F5001B5561 /* Constant.swift in Sources */ = {isa = PBXBuildFile; fileRef = 053FB14628AF83F5001B5561 /* Constant.swift */; };
		053FB15728B1507D001B5561 /* HideKeyboardExtension.swift in Sources */ = {isa = PBXBuildFile; fileRef = 053FB15628B1507D001B5561 /* HideKeyboardExtension.swift */; };
		057A635B28B7BA1600EB1FDA /* BlankView.swift in Sources */ = {isa = PBXBuildFile; fileRef = 057A635A28B7BA1600EB1FDA /* BlankView.swift */; };
/* End PBXBuildFile section */

/* Begin PBXFileReference section */
		050483FA28B4E3BF0099A169 /* BackgroundImageView.swift */ = {isa = PBXFileReference; lastKnownFileType = sourcecode.swift; path = BackgroundImageView.swift; sourceTree = "<group>"; };
		050483FE28B51DDD0099A169 /* NewTaskItemView.swift */ = {isa = PBXFileReference; lastKnownFileType = sourcecode.swift; path = NewTaskItemView.swift; sourceTree = "<group>"; };
		053FB11928AE2963001B5561 /* Devote.app */ = {isa = PBXFileReference; explicitFileType = wrapper.application; includeInIndex = 0; path = Devote.app; sourceTree = BUILT_PRODUCTS_DIR; };
		053FB11C28AE2963001B5561 /* DevoteApp.swift */ = {isa = PBXFileReference; lastKnownFileType = sourcecode.swift; path = DevoteApp.swift; sourceTree = "<group>"; };
		053FB11E28AE2963001B5561 /* ContentView.swift */ = {isa = PBXFileReference; lastKnownFileType = sourcecode.swift; path = ContentView.swift; sourceTree = "<group>"; };
		053FB12028AE2965001B5561 /* Assets.xcassets */ = {isa = PBXFileReference; lastKnownFileType = folder.assetcatalog; path = Assets.xcassets; sourceTree = "<group>"; };
		053FB12328AE2965001B5561 /* Preview Assets.xcassets */ = {isa = PBXFileReference; lastKnownFileType = folder.assetcatalog; path = "Preview Assets.xcassets"; sourceTree = "<group>"; };
		053FB12528AE2965001B5561 /* Persistence.swift */ = {isa = PBXFileReference; lastKnownFileType = sourcecode.swift; path = Persistence.swift; sourceTree = "<group>"; };
		053FB12828AE2965001B5561 /* Devote.xcdatamodel */ = {isa = PBXFileReference; lastKnownFileType = wrapper.xcdatamodel; path = Devote.xcdatamodel; sourceTree = "<group>"; };
		053FB12F28AE2A8B001B5561 /* sound-tap.mp3 */ = {isa = PBXFileReference; lastKnownFileType = audio.mp3; path = "sound-tap.mp3"; sourceTree = "<group>"; };
		053FB13028AE2A8B001B5561 /* sound-ding.mp3 */ = {isa = PBXFileReference; lastKnownFileType = audio.mp3; path = "sound-ding.mp3"; sourceTree = "<group>"; };
		053FB13128AE2A8B001B5561 /* sound-rise.mp3 */ = {isa = PBXFileReference; lastKnownFileType = audio.mp3; path = "sound-rise.mp3"; sourceTree = "<group>"; };
		053FB13F28AE2FDF001B5561 /* Info.plist */ = {isa = PBXFileReference; lastKnownFileType = text.plist; path = Info.plist; sourceTree = "<group>"; };
		053FB14628AF83F5001B5561 /* Constant.swift */ = {isa = PBXFileReference; lastKnownFileType = sourcecode.swift; path = Constant.swift; sourceTree = "<group>"; };
		053FB15628B1507D001B5561 /* HideKeyboardExtension.swift */ = {isa = PBXFileReference; lastKnownFileType = sourcecode.swift; path = HideKeyboardExtension.swift; sourceTree = "<group>"; };
		057A635A28B7BA1600EB1FDA /* BlankView.swift */ = {isa = PBXFileReference; lastKnownFileType = sourcecode.swift; path = BlankView.swift; sourceTree = "<group>"; };
/* End PBXFileReference section */

/* Begin PBXFrameworksBuildPhase section */
		053FB11628AE2963001B5561 /* Frameworks */ = {
			isa = PBXFrameworksBuildPhase;
			buildActionMask = 2147483647;
			files = (
			);
			runOnlyForDeploymentPostprocessing = 0;
		};
/* End PBXFrameworksBuildPhase section */

/* Begin PBXGroup section */
		053FB11028AE2963001B5561 = {
			isa = PBXGroup;
			children = (
				053FB11B28AE2963001B5561 /* Devote */,
				053FB11A28AE2963001B5561 /* Products */,
			);
			sourceTree = "<group>";
		};
		053FB11A28AE2963001B5561 /* Products */ = {
			isa = PBXGroup;
			children = (
				053FB11928AE2963001B5561 /* Devote.app */,
			);
			name = Products;
			sourceTree = "<group>";
		};
		053FB11B28AE2963001B5561 /* Devote */ = {
			isa = PBXGroup;
			children = (
				053FB13F28AE2FDF001B5561 /* Info.plist */,
				053FB13628AE2DD8001B5561 /* App */,
				053FB13728AE2DF2001B5561 /* View */,
				053FB13E28AE2F66001B5561 /* Model */,
				053FB13B28AE2E47001B5561 /* Extension */,
				053FB13C28AE2E63001B5561 /* Utility */,
				053FB13D28AE2E6E001B5561 /* Style */,
				053FB13828AE2E05001B5561 /* Resourses */,
				053FB12228AE2965001B5561 /* Preview Content */,
			);
			path = Devote;
			sourceTree = "<group>";
		};
		053FB12228AE2965001B5561 /* Preview Content */ = {
			isa = PBXGroup;
			children = (
				053FB12328AE2965001B5561 /* Preview Assets.xcassets */,
			);
			path = "Preview Content";
			sourceTree = "<group>";
		};
		053FB13528AE2D97001B5561 /* Sound */ = {
			isa = PBXGroup;
			children = (
				053FB13028AE2A8B001B5561 /* sound-ding.mp3 */,
				053FB13128AE2A8B001B5561 /* sound-rise.mp3 */,
				053FB12F28AE2A8B001B5561 /* sound-tap.mp3 */,
			);
			path = Sound;
			sourceTree = "<group>";
		};
		053FB13628AE2DD8001B5561 /* App */ = {
			isa = PBXGroup;
			children = (
				053FB11C28AE2963001B5561 /* DevoteApp.swift */,
			);
			path = App;
			sourceTree = "<group>";
		};
		053FB13728AE2DF2001B5561 /* View */ = {
			isa = PBXGroup;
			children = (
				053FB11E28AE2963001B5561 /* ContentView.swift */,
				050483FA28B4E3BF0099A169 /* BackgroundImageView.swift */,
				050483FE28B51DDD0099A169 /* NewTaskItemView.swift */,
				057A635A28B7BA1600EB1FDA /* BlankView.swift */,
			);
			path = View;
			sourceTree = "<group>";
		};
		053FB13828AE2E05001B5561 /* Resourses */ = {
			isa = PBXGroup;
			children = (
				053FB13528AE2D97001B5561 /* Sound */,
				053FB12028AE2965001B5561 /* Assets.xcassets */,
			);
			path = Resourses;
			sourceTree = "<group>";
		};
		053FB13B28AE2E47001B5561 /* Extension */ = {
			isa = PBXGroup;
			children = (
				053FB15628B1507D001B5561 /* HideKeyboardExtension.swift */,
			);
			path = Extension;
			sourceTree = "<group>";
		};
		053FB13C28AE2E63001B5561 /* Utility */ = {
			isa = PBXGroup;
			children = (
				053FB14628AF83F5001B5561 /* Constant.swift */,
			);
			path = Utility;
			sourceTree = "<group>";
		};
		053FB13D28AE2E6E001B5561 /* Style */ = {
			isa = PBXGroup;
			children = (
			);
			path = Style;
			sourceTree = "<group>";
		};
		053FB13E28AE2F66001B5561 /* Model */ = {
			isa = PBXGroup;
			children = (
				053FB12528AE2965001B5561 /* Persistence.swift */,
				053FB12728AE2965001B5561 /* Devote.xcdatamodeld */,
			);
			path = Model;
			sourceTree = "<group>";
		};
/* End PBXGroup section */

/* Begin PBXNativeTarget section */
		053FB11828AE2963001B5561 /* Devote */ = {
			isa = PBXNativeTarget;
			buildConfigurationList = 053FB12C28AE2965001B5561 /* Build configuration list for PBXNativeTarget "Devote" */;
			buildPhases = (
				053FB11528AE2963001B5561 /* Sources */,
				053FB11628AE2963001B5561 /* Frameworks */,
				053FB11728AE2963001B5561 /* Resources */,
			);
			buildRules = (
			);
			dependencies = (
			);
			name = Devote;
			productName = Devote;
			productReference = 053FB11928AE2963001B5561 /* Devote.app */;
			productType = "com.apple.product-type.application";
		};
/* End PBXNativeTarget section */

/* Begin PBXProject section */
		053FB11128AE2963001B5561 /* Project object */ = {
			isa = PBXProject;
			attributes = {
				BuildIndependentTargetsInParallel = 1;
				LastSwiftUpdateCheck = 1340;
				LastUpgradeCheck = 1340;
				TargetAttributes = {
					053FB11828AE2963001B5561 = {
						CreatedOnToolsVersion = 13.4.1;
					};
				};
			};
			buildConfigurationList = 053FB11428AE2963001B5561 /* Build configuration list for PBXProject "Devote" */;
			compatibilityVersion = "Xcode 13.0";
			developmentRegion = en;
			hasScannedForEncodings = 0;
			knownRegions = (
				en,
				Base,
			);
			mainGroup = 053FB11028AE2963001B5561;
			productRefGroup = 053FB11A28AE2963001B5561 /* Products */;
			projectDirPath = "";
			projectRoot = "";
			targets = (
				053FB11828AE2963001B5561 /* Devote */,
			);
		};
/* End PBXProject section */

/* Begin PBXResourcesBuildPhase section */
		053FB11728AE2963001B5561 /* Resources */ = {
			isa = PBXResourcesBuildPhase;
			buildActionMask = 2147483647;
			files = (
				053FB13428AE2A8B001B5561 /* sound-rise.mp3 in Resources */,
				053FB13328AE2A8B001B5561 /* sound-ding.mp3 in Resources */,
				053FB13228AE2A8B001B5561 /* sound-tap.mp3 in Resources */,
				053FB12428AE2965001B5561 /* Preview Assets.xcassets in Resources */,
				053FB12128AE2965001B5561 /* Assets.xcassets in Resources */,
			);
			runOnlyForDeploymentPostprocessing = 0;
		};
/* End PBXResourcesBuildPhase section */

/* Begin PBXSourcesBuildPhase section */
		053FB11528AE2963001B5561 /* Sources */ = {
			isa = PBXSourcesBuildPhase;
			buildActionMask = 2147483647;
			files = (
				053FB12628AE2965001B5561 /* Persistence.swift in Sources */,
				050483FB28B4E3BF0099A169 /* BackgroundImageView.swift in Sources */,
				053FB11F28AE2963001B5561 /* ContentView.swift in Sources */,
				053FB15728B1507D001B5561 /* HideKeyboardExtension.swift in Sources */,
				057A635B28B7BA1600EB1FDA /* BlankView.swift in Sources */,
				053FB14728AF83F5001B5561 /* Constant.swift in Sources */,
				053FB12928AE2965001B5561 /* Devote.xcdatamodeld in Sources */,
				053FB11D28AE2963001B5561 /* DevoteApp.swift in Sources */,
				050483FF28B51DDD0099A169 /* NewTaskItemView.swift in Sources */,
			);
			runOnlyForDeploymentPostprocessing = 0;
		};
/* End PBXSourcesBuildPhase section */

/* Begin XCBuildConfiguration section */
		053FB12A28AE2965001B5561 /* Debug */ = {
			isa = XCBuildConfiguration;
			buildSettings = {
				ALWAYS_SEARCH_USER_PATHS = NO;
				CLANG_ANALYZER_NONNULL = YES;
				CLANG_ANALYZER_NUMBER_OBJECT_CONVERSION = YES_AGGRESSIVE;
				CLANG_CXX_LANGUAGE_STANDARD = "gnu++17";
				CLANG_ENABLE_MODULES = YES;
				CLANG_ENABLE_OBJC_ARC = YES;
				CLANG_ENABLE_OBJC_WEAK = YES;
				CLANG_WARN_BLOCK_CAPTURE_AUTORELEASING = YES;
				CLANG_WARN_BOOL_CONVERSION = YES;
				CLANG_WARN_COMMA = YES;
				CLANG_WARN_CONSTANT_CONVERSION = YES;
				CLANG_WARN_DEPRECATED_OBJC_IMPLEMENTATIONS = YES;
				CLANG_WARN_DIRECT_OBJC_ISA_USAGE = YES_ERROR;
				CLANG_WARN_DOCUMENTATION_COMMENTS = YES;
				CLANG_WARN_EMPTY_BODY = YES;
				CLANG_WARN_ENUM_CONVERSION = YES;
				CLANG_WARN_INFINITE_RECURSION = YES;
				CLANG_WARN_INT_CONVERSION = YES;
				CLANG_WARN_NON_LITERAL_NULL_CONVERSION = YES;
				CLANG_WARN_OBJC_IMPLICIT_RETAIN_SELF = YES;
				CLANG_WARN_OBJC_LITERAL_CONVERSION = YES;
				CLANG_WARN_OBJC_ROOT_CLASS = YES_ERROR;
				CLANG_WARN_QUOTED_INCLUDE_IN_FRAMEWORK_HEADER = YES;
				CLANG_WARN_RANGE_LOOP_ANALYSIS = YES;
				CLANG_WARN_STRICT_PROTOTYPES = YES;
				CLANG_WARN_SUSPICIOUS_MOVE = YES;
				CLANG_WARN_UNGUARDED_AVAILABILITY = YES_AGGRESSIVE;
				CLANG_WARN_UNREACHABLE_CODE = YES;
				CLANG_WARN__DUPLICATE_METHOD_MATCH = YES;
				COPY_PHASE_STRIP = NO;
				DEBUG_INFORMATION_FORMAT = dwarf;
				ENABLE_STRICT_OBJC_MSGSEND = YES;
				ENABLE_TESTABILITY = YES;
				GCC_C_LANGUAGE_STANDARD = gnu11;
				GCC_DYNAMIC_NO_PIC = NO;
				GCC_NO_COMMON_BLOCKS = YES;
				GCC_OPTIMIZATION_LEVEL = 0;
				GCC_PREPROCESSOR_DEFINITIONS = (
					"DEBUG=1",
					"$(inherited)",
				);
				GCC_WARN_64_TO_32_BIT_CONVERSION = YES;
				GCC_WARN_ABOUT_RETURN_TYPE = YES_ERROR;
				GCC_WARN_UNDECLARED_SELECTOR = YES;
				GCC_WARN_UNINITIALIZED_AUTOS = YES_AGGRESSIVE;
				GCC_WARN_UNUSED_FUNCTION = YES;
				GCC_WARN_UNUSED_VARIABLE = YES;
				IPHONEOS_DEPLOYMENT_TARGET = 15.5;
				MTL_ENABLE_DEBUG_INFO = INCLUDE_SOURCE;
				MTL_FAST_MATH = YES;
				ONLY_ACTIVE_ARCH = YES;
				SDKROOT = iphoneos;
				SWIFT_ACTIVE_COMPILATION_CONDITIONS = DEBUG;
				SWIFT_OPTIMIZATION_LEVEL = "-Onone";
			};
			name = Debug;
		};
		053FB12B28AE2965001B5561 /* Release */ = {
			isa = XCBuildConfiguration;
			buildSettings = {
				ALWAYS_SEARCH_USER_PATHS = NO;
				CLANG_ANALYZER_NONNULL = YES;
				CLANG_ANALYZER_NUMBER_OBJECT_CONVERSION = YES_AGGRESSIVE;
				CLANG_CXX_LANGUAGE_STANDARD = "gnu++17";
				CLANG_ENABLE_MODULES = YES;
				CLANG_ENABLE_OBJC_ARC = YES;
				CLANG_ENABLE_OBJC_WEAK = YES;
				CLANG_WARN_BLOCK_CAPTURE_AUTORELEASING = YES;
				CLANG_WARN_BOOL_CONVERSION = YES;
				CLANG_WARN_COMMA = YES;
				CLANG_WARN_CONSTANT_CONVERSION = YES;
				CLANG_WARN_DEPRECATED_OBJC_IMPLEMENTATIONS = YES;
				CLANG_WARN_DIRECT_OBJC_ISA_USAGE = YES_ERROR;
				CLANG_WARN_DOCUMENTATION_COMMENTS = YES;
				CLANG_WARN_EMPTY_BODY = YES;
				CLANG_WARN_ENUM_CONVERSION = YES;
				CLANG_WARN_INFINITE_RECURSION = YES;
				CLANG_WARN_INT_CONVERSION = YES;
				CLANG_WARN_NON_LITERAL_NULL_CONVERSION = YES;
				CLANG_WARN_OBJC_IMPLICIT_RETAIN_SELF = YES;
				CLANG_WARN_OBJC_LITERAL_CONVERSION = YES;
				CLANG_WARN_OBJC_ROOT_CLASS = YES_ERROR;
				CLANG_WARN_QUOTED_INCLUDE_IN_FRAMEWORK_HEADER = YES;
				CLANG_WARN_RANGE_LOOP_ANALYSIS = YES;
				CLANG_WARN_STRICT_PROTOTYPES = YES;
				CLANG_WARN_SUSPICIOUS_MOVE = YES;
				CLANG_WARN_UNGUARDED_AVAILABILITY = YES_AGGRESSIVE;
				CLANG_WARN_UNREACHABLE_CODE = YES;
				CLANG_WARN__DUPLICATE_METHOD_MATCH = YES;
				COPY_PHASE_STRIP = NO;
				DEBUG_INFORMATION_FORMAT = "dwarf-with-dsym";
				ENABLE_NS_ASSERTIONS = NO;
				ENABLE_STRICT_OBJC_MSGSEND = YES;
				GCC_C_LANGUAGE_STANDARD = gnu11;
				GCC_NO_COMMON_BLOCKS = YES;
				GCC_WARN_64_TO_32_BIT_CONVERSION = YES;
				GCC_WARN_ABOUT_RETURN_TYPE = YES_ERROR;
				GCC_WARN_UNDECLARED_SELECTOR = YES;
				GCC_WARN_UNINITIALIZED_AUTOS = YES_AGGRESSIVE;
				GCC_WARN_UNUSED_FUNCTION = YES;
				GCC_WARN_UNUSED_VARIABLE = YES;
				IPHONEOS_DEPLOYMENT_TARGET = 15.5;
				MTL_ENABLE_DEBUG_INFO = NO;
				MTL_FAST_MATH = YES;
				SDKROOT = iphoneos;
				SWIFT_COMPILATION_MODE = wholemodule;
				SWIFT_OPTIMIZATION_LEVEL = "-O";
				VALIDATE_PRODUCT = YES;
			};
			name = Release;
		};
		053FB12D28AE2965001B5561 /* Debug */ = {
			isa = XCBuildConfiguration;
			buildSettings = {
				ASSETCATALOG_COMPILER_APPICON_NAME = AppIcon;
				ASSETCATALOG_COMPILER_GLOBAL_ACCENT_COLOR_NAME = AccentColor;
				CODE_SIGN_STYLE = Automatic;
				CURRENT_PROJECT_VERSION = 1;
				DEVELOPMENT_ASSET_PATHS = "\"Devote/Preview Content\"";
				DEVELOPMENT_TEAM = MJD54HBLFX;
				ENABLE_PREVIEWS = YES;
				GENERATE_INFOPLIST_FILE = YES;
				INFOPLIST_FILE = Devote/Info.plist;
				INFOPLIST_KEY_UIApplicationSceneManifest_Generation = YES;
				INFOPLIST_KEY_UIApplicationSupportsIndirectInputEvents = YES;
				INFOPLIST_KEY_UISupportedInterfaceOrientations = UIInterfaceOrientationPortrait;
				INFOPLIST_KEY_UISupportedInterfaceOrientations_iPad = "UIInterfaceOrientationPortrait UIInterfaceOrientationPortraitUpsideDown UIInterfaceOrientationLandscapeLeft UIInterfaceOrientationLandscapeRight";
				INFOPLIST_KEY_UISupportedInterfaceOrientations_iPhone = "UIInterfaceOrientationPortrait UIInterfaceOrientationLandscapeLeft UIInterfaceOrientationLandscapeRight";
				LD_RUNPATH_SEARCH_PATHS = (
					"$(inherited)",
					"@executable_path/Frameworks",
				);
				MARKETING_VERSION = 1.0;
				PRODUCT_BUNDLE_IDENTIFIER = com.arturkorol.Devote;
				PRODUCT_NAME = "$(TARGET_NAME)";
				SWIFT_EMIT_LOC_STRINGS = YES;
				SWIFT_VERSION = 5.0;
				TARGETED_DEVICE_FAMILY = "1,2";
			};
			name = Debug;
		};
		053FB12E28AE2965001B5561 /* Release */ = {
			isa = XCBuildConfiguration;
			buildSettings = {
				ASSETCATALOG_COMPILER_APPICON_NAME = AppIcon;
				ASSETCATALOG_COMPILER_GLOBAL_ACCENT_COLOR_NAME = AccentColor;
				CODE_SIGN_STYLE = Automatic;
				CURRENT_PROJECT_VERSION = 1;
				DEVELOPMENT_ASSET_PATHS = "\"Devote/Preview Content\"";
				DEVELOPMENT_TEAM = MJD54HBLFX;
				ENABLE_PREVIEWS = YES;
				GENERATE_INFOPLIST_FILE = YES;
				INFOPLIST_FILE = Devote/Info.plist;
				INFOPLIST_KEY_UIApplicationSceneManifest_Generation = YES;
				INFOPLIST_KEY_UIApplicationSupportsIndirectInputEvents = YES;
				INFOPLIST_KEY_UISupportedInterfaceOrientations = UIInterfaceOrientationPortrait;
				INFOPLIST_KEY_UISupportedInterfaceOrientations_iPad = "UIInterfaceOrientationPortrait UIInterfaceOrientationPortraitUpsideDown UIInterfaceOrientationLandscapeLeft UIInterfaceOrientationLandscapeRight";
				INFOPLIST_KEY_UISupportedInterfaceOrientations_iPhone = "UIInterfaceOrientationPortrait UIInterfaceOrientationLandscapeLeft UIInterfaceOrientationLandscapeRight";
				LD_RUNPATH_SEARCH_PATHS = (
					"$(inherited)",
					"@executable_path/Frameworks",
				);
				MARKETING_VERSION = 1.0;
				PRODUCT_BUNDLE_IDENTIFIER = com.arturkorol.Devote;
				PRODUCT_NAME = "$(TARGET_NAME)";
				SWIFT_EMIT_LOC_STRINGS = YES;
				SWIFT_VERSION = 5.0;
				TARGETED_DEVICE_FAMILY = "1,2";
			};
			name = Release;
		};
/* End XCBuildConfiguration section */

/* Begin XCConfigurationList section */
		053FB11428AE2963001B5561 /* Build configuration list for PBXProject "Devote" */ = {
			isa = XCConfigurationList;
			buildConfigurations = (
				053FB12A28AE2965001B5561 /* Debug */,
				053FB12B28AE2965001B5561 /* Release */,
			);
			defaultConfigurationIsVisible = 0;
			defaultConfigurationName = Release;
		};
		053FB12C28AE2965001B5561 /* Build configuration list for PBXNativeTarget "Devote" */ = {
			isa = XCConfigurationList;
			buildConfigurations = (
				053FB12D28AE2965001B5561 /* Debug */,
				053FB12E28AE2965001B5561 /* Release */,
			);
			defaultConfigurationIsVisible = 0;
			defaultConfigurationName = Release;
		};
/* End XCConfigurationList section */

/* Begin XCVersionGroup section */
		053FB12728AE2965001B5561 /* Devote.xcdatamodeld */ = {
			isa = XCVersionGroup;
			children = (
				053FB12828AE2965001B5561 /* Devote.xcdatamodel */,
			);
			currentVersion = 053FB12828AE2965001B5561 /* Devote.xcdatamodel */;
			path = Devote.xcdatamodeld;
			sourceTree = "<group>";
			versionGroupType = wrapper.xcdatamodel;
		};
/* End XCVersionGroup section */
	};
	rootObject = 053FB11128AE2963001B5561 /* Project object */;
}
