// !$*UTF8*$!
{
	archiveVersion = 1;
	classes = {
	};
	objectVersion = 56;
	objects = {

/* Begin PBXBuildFile section */
		05300B10294BAADF00904F85 /* UIHelper.swift in Sources */ = {isa = PBXBuildFile; fileRef = 05300B0F294BAADF00904F85 /* UIHelper.swift */; };
		053B80CA28F1E64900C49A9C /* SearchViewController.swift in Sources */ = {isa = PBXBuildFile; fileRef = 053B80C928F1E64900C49A9C /* SearchViewController.swift */; };
		053B80CC28F1E66100C49A9C /* FavoritesViewController.swift in Sources */ = {isa = PBXBuildFile; fileRef = 053B80CB28F1E66100C49A9C /* FavoritesViewController.swift */; };
		053B80EE28F4818E00C49A9C /* GFButton.swift in Sources */ = {isa = PBXBuildFile; fileRef = 053B80ED28F4818E00C49A9C /* GFButton.swift */; };
		055DA2DB28F527710028BADC /* GFTextField.swift in Sources */ = {isa = PBXBuildFile; fileRef = 055DA2DA28F527710028BADC /* GFTextField.swift */; };
		055DA2DD28F5558E0028BADC /* FollowerListViewController.swift in Sources */ = {isa = PBXBuildFile; fileRef = 055DA2DC28F5558E0028BADC /* FollowerListViewController.swift */; };
		055DA2DF28F55F3F0028BADC /* GFTitleLabel.swift in Sources */ = {isa = PBXBuildFile; fileRef = 055DA2DE28F55F3E0028BADC /* GFTitleLabel.swift */; };
		055DA2E128F924EB0028BADC /* GFBodyLabel.swift in Sources */ = {isa = PBXBuildFile; fileRef = 055DA2E028F924EB0028BADC /* GFBodyLabel.swift */; };
		055DA2E328F926560028BADC /* GFAlertVC.swift in Sources */ = {isa = PBXBuildFile; fileRef = 055DA2E228F926560028BADC /* GFAlertVC.swift */; };
		0569267E290D866F00DC10D0 /* FollowerCell.swift in Sources */ = {isa = PBXBuildFile; fileRef = 0569267D290D866F00DC10D0 /* FollowerCell.swift */; };
		05692681290D887100DC10D0 /* GFAvatarImageView.swift in Sources */ = {isa = PBXBuildFile; fileRef = 05692680290D887100DC10D0 /* GFAvatarImageView.swift */; };
		056AA73C28FF2CB900B09D83 /* UIViewController+Ext.swift in Sources */ = {isa = PBXBuildFile; fileRef = 056AA73B28FF2CB900B09D83 /* UIViewController+Ext.swift */; };
		05874D3D2900782C002BD607 /* Follower.swift in Sources */ = {isa = PBXBuildFile; fileRef = 05874D3C2900782C002BD607 /* Follower.swift */; };
		05874D3F290079D5002BD607 /* User.swift in Sources */ = {isa = PBXBuildFile; fileRef = 05874D3E290079D5002BD607 /* User.swift */; };
		05874D422905819E002BD607 /* NetworkingManager.swift in Sources */ = {isa = PBXBuildFile; fileRef = 05874D412905819E002BD607 /* NetworkingManager.swift */; };
		05874D452905974F002BD607 /* GFError.swift in Sources */ = {isa = PBXBuildFile; fileRef = 05874D442905974F002BD607 /* GFError.swift */; };
		05A9EE2728F0AB0D0084B452 /* AppDelegate.swift in Sources */ = {isa = PBXBuildFile; fileRef = 05A9EE2628F0AB0D0084B452 /* AppDelegate.swift */; };
		05A9EE2928F0AB0D0084B452 /* SceneDelegate.swift in Sources */ = {isa = PBXBuildFile; fileRef = 05A9EE2828F0AB0D0084B452 /* SceneDelegate.swift */; };
		05A9EE3028F0AB0F0084B452 /* Assets.xcassets in Resources */ = {isa = PBXBuildFile; fileRef = 05A9EE2F28F0AB0F0084B452 /* Assets.xcassets */; };
		05A9EE3328F0AB0F0084B452 /* LaunchScreen.storyboard in Resources */ = {isa = PBXBuildFile; fileRef = 05A9EE3128F0AB0F0084B452 /* LaunchScreen.storyboard */; };
		05F71E1A294E0CFD008DE0EE /* GFEmptyStateView.swift in Sources */ = {isa = PBXBuildFile; fileRef = 05F71E19294E0CFD008DE0EE /* GFEmptyStateView.swift */; };
		05F71E1C294E41B3008DE0EE /* FollowerInfoViewController.swift in Sources */ = {isa = PBXBuildFile; fileRef = 05F71E1B294E41B3008DE0EE /* FollowerInfoViewController.swift */; };
/* End PBXBuildFile section */

/* Begin PBXFileReference section */
		05300B0F294BAADF00904F85 /* UIHelper.swift */ = {isa = PBXFileReference; lastKnownFileType = sourcecode.swift; path = UIHelper.swift; sourceTree = "<group>"; };
		053B80C928F1E64900C49A9C /* SearchViewController.swift */ = {isa = PBXFileReference; lastKnownFileType = sourcecode.swift; path = SearchViewController.swift; sourceTree = "<group>"; };
		053B80CB28F1E66100C49A9C /* FavoritesViewController.swift */ = {isa = PBXFileReference; lastKnownFileType = sourcecode.swift; path = FavoritesViewController.swift; sourceTree = "<group>"; };
		053B80ED28F4818E00C49A9C /* GFButton.swift */ = {isa = PBXFileReference; lastKnownFileType = sourcecode.swift; path = GFButton.swift; sourceTree = "<group>"; };
		055DA2DA28F527710028BADC /* GFTextField.swift */ = {isa = PBXFileReference; lastKnownFileType = sourcecode.swift; path = GFTextField.swift; sourceTree = "<group>"; };
		055DA2DC28F5558E0028BADC /* FollowerListViewController.swift */ = {isa = PBXFileReference; lastKnownFileType = sourcecode.swift; path = FollowerListViewController.swift; sourceTree = "<group>"; };
		055DA2DE28F55F3E0028BADC /* GFTitleLabel.swift */ = {isa = PBXFileReference; lastKnownFileType = sourcecode.swift; path = GFTitleLabel.swift; sourceTree = "<group>"; };
		055DA2E028F924EB0028BADC /* GFBodyLabel.swift */ = {isa = PBXFileReference; lastKnownFileType = sourcecode.swift; path = GFBodyLabel.swift; sourceTree = "<group>"; };
		055DA2E228F926560028BADC /* GFAlertVC.swift */ = {isa = PBXFileReference; lastKnownFileType = sourcecode.swift; path = GFAlertVC.swift; sourceTree = "<group>"; };
		0569267D290D866F00DC10D0 /* FollowerCell.swift */ = {isa = PBXFileReference; lastKnownFileType = sourcecode.swift; path = FollowerCell.swift; sourceTree = "<group>"; };
		05692680290D887100DC10D0 /* GFAvatarImageView.swift */ = {isa = PBXFileReference; lastKnownFileType = sourcecode.swift; path = GFAvatarImageView.swift; sourceTree = "<group>"; };
		056AA73B28FF2CB900B09D83 /* UIViewController+Ext.swift */ = {isa = PBXFileReference; lastKnownFileType = sourcecode.swift; path = "UIViewController+Ext.swift"; sourceTree = "<group>"; };
		05874D3C2900782C002BD607 /* Follower.swift */ = {isa = PBXFileReference; lastKnownFileType = sourcecode.swift; path = Follower.swift; sourceTree = "<group>"; };
		05874D3E290079D5002BD607 /* User.swift */ = {isa = PBXFileReference; lastKnownFileType = sourcecode.swift; path = User.swift; sourceTree = "<group>"; };
		05874D412905819E002BD607 /* NetworkingManager.swift */ = {isa = PBXFileReference; lastKnownFileType = sourcecode.swift; path = NetworkingManager.swift; sourceTree = "<group>"; };
		05874D442905974F002BD607 /* GFError.swift */ = {isa = PBXFileReference; lastKnownFileType = sourcecode.swift; path = GFError.swift; sourceTree = "<group>"; };
		05A9EE2328F0AB0D0084B452 /* GitHubFollowers.app */ = {isa = PBXFileReference; explicitFileType = wrapper.application; includeInIndex = 0; path = GitHubFollowers.app; sourceTree = BUILT_PRODUCTS_DIR; };
		05A9EE2628F0AB0D0084B452 /* AppDelegate.swift */ = {isa = PBXFileReference; lastKnownFileType = sourcecode.swift; path = AppDelegate.swift; sourceTree = "<group>"; };
		05A9EE2828F0AB0D0084B452 /* SceneDelegate.swift */ = {isa = PBXFileReference; lastKnownFileType = sourcecode.swift; path = SceneDelegate.swift; sourceTree = "<group>"; };
		05A9EE2F28F0AB0F0084B452 /* Assets.xcassets */ = {isa = PBXFileReference; lastKnownFileType = folder.assetcatalog; path = Assets.xcassets; sourceTree = "<group>"; };
		05A9EE3228F0AB0F0084B452 /* Base */ = {isa = PBXFileReference; lastKnownFileType = file.storyboard; name = Base; path = Base.lproj/LaunchScreen.storyboard; sourceTree = "<group>"; };
		05A9EE3428F0AB0F0084B452 /* Info.plist */ = {isa = PBXFileReference; lastKnownFileType = text.plist.xml; path = Info.plist; sourceTree = "<group>"; };
		05F71E19294E0CFD008DE0EE /* GFEmptyStateView.swift */ = {isa = PBXFileReference; lastKnownFileType = sourcecode.swift; path = GFEmptyStateView.swift; sourceTree = "<group>"; };
		05F71E1B294E41B3008DE0EE /* FollowerInfoViewController.swift */ = {isa = PBXFileReference; lastKnownFileType = sourcecode.swift; path = FollowerInfoViewController.swift; sourceTree = "<group>"; };
/* End PBXFileReference section */

/* Begin PBXFrameworksBuildPhase section */
		05A9EE2028F0AB0D0084B452 /* Frameworks */ = {
			isa = PBXFrameworksBuildPhase;
			buildActionMask = 2147483647;
			files = (
			);
			runOnlyForDeploymentPostprocessing = 0;
		};
/* End PBXFrameworksBuildPhase section */

/* Begin PBXGroup section */
		0569267B290D863500DC10D0 /* ViewControllers */ = {
			isa = PBXGroup;
			children = (
				055DA2E228F926560028BADC /* GFAlertVC.swift */,
			);
			path = ViewControllers;
			sourceTree = "<group>";
		};
		0569267C290D864500DC10D0 /* Cells */ = {
			isa = PBXGroup;
			children = (
				0569267D290D866F00DC10D0 /* FollowerCell.swift */,
			);
			path = Cells;
			sourceTree = "<group>";
		};
		0569267F290D884200DC10D0 /* ImageView */ = {
			isa = PBXGroup;
			children = (
				05692680290D887100DC10D0 /* GFAvatarImageView.swift */,
			);
			path = ImageView;
			sourceTree = "<group>";
		};
		05874D3329000C44002BD607 /* CustomViews */ = {
			isa = PBXGroup;
			children = (
				05F71E18294E0CD6008DE0EE /* Views */,
				0569267F290D884200DC10D0 /* ImageView */,
				0569267C290D864500DC10D0 /* Cells */,
				0569267B290D863500DC10D0 /* ViewControllers */,
				05874D3929000EED002BD607 /* Buttons */,
				05874D3829000EB4002BD607 /* TextFields */,
				05874D3729000E9E002BD607 /* Labels */,
			);
			path = CustomViews;
			sourceTree = "<group>";
		};
		05874D3429000C83002BD607 /* Resourses */ = {
			isa = PBXGroup;
			children = (
				05A9EE3128F0AB0F0084B452 /* LaunchScreen.storyboard */,
				05A9EE3428F0AB0F0084B452 /* Info.plist */,
				05A9EE2F28F0AB0F0084B452 /* Assets.xcassets */,
			);
			path = Resourses;
			sourceTree = "<group>";
		};
		05874D3529000D42002BD607 /* Extensions */ = {
			isa = PBXGroup;
			children = (
				056AA73B28FF2CB900B09D83 /* UIViewController+Ext.swift */,
			);
			path = Extensions;
			sourceTree = "<group>";
		};
		05874D3629000E85002BD607 /* App */ = {
			isa = PBXGroup;
			children = (
				05A9EE2628F0AB0D0084B452 /* AppDelegate.swift */,
				05A9EE2828F0AB0D0084B452 /* SceneDelegate.swift */,
			);
			path = App;
			sourceTree = "<group>";
		};
		05874D3729000E9E002BD607 /* Labels */ = {
			isa = PBXGroup;
			children = (
				055DA2DE28F55F3E0028BADC /* GFTitleLabel.swift */,
				055DA2E028F924EB0028BADC /* GFBodyLabel.swift */,
			);
			path = Labels;
			sourceTree = "<group>";
		};
		05874D3829000EB4002BD607 /* TextFields */ = {
			isa = PBXGroup;
			children = (
				055DA2DA28F527710028BADC /* GFTextField.swift */,
			);
			path = TextFields;
			sourceTree = "<group>";
		};
		05874D3929000EED002BD607 /* Buttons */ = {
			isa = PBXGroup;
			children = (
				053B80ED28F4818E00C49A9C /* GFButton.swift */,
			);
			path = Buttons;
			sourceTree = "<group>";
		};
		05874D3A2900166D002BD607 /* Views */ = {
			isa = PBXGroup;
			children = (
				053B80CB28F1E66100C49A9C /* FavoritesViewController.swift */,
				055DA2DC28F5558E0028BADC /* FollowerListViewController.swift */,
				053B80C928F1E64900C49A9C /* SearchViewController.swift */,
				05F71E1B294E41B3008DE0EE /* FollowerInfoViewController.swift */,
			);
			path = Views;
			sourceTree = "<group>";
		};
		05874D3B29007810002BD607 /* Model */ = {
			isa = PBXGroup;
			children = (
				05874D3C2900782C002BD607 /* Follower.swift */,
				05874D3E290079D5002BD607 /* User.swift */,
			);
			path = Model;
			sourceTree = "<group>";
		};
		05874D4029058184002BD607 /* Managers */ = {
			isa = PBXGroup;
			children = (
				05874D412905819E002BD607 /* NetworkingManager.swift */,
			);
			path = Managers;
			sourceTree = "<group>";
		};
		05874D4329059732002BD607 /* Utilites */ = {
			isa = PBXGroup;
			children = (
				05874D442905974F002BD607 /* GFError.swift */,
				05300B0F294BAADF00904F85 /* UIHelper.swift */,
			);
			path = Utilites;
			sourceTree = "<group>";
		};
		05A9EE1A28F0AB0D0084B452 = {
			isa = PBXGroup;
			children = (
				05A9EE2528F0AB0D0084B452 /* GitHubFollowers */,
				05A9EE2428F0AB0D0084B452 /* Products */,
			);
			sourceTree = "<group>";
		};
		05A9EE2428F0AB0D0084B452 /* Products */ = {
			isa = PBXGroup;
			children = (
				05A9EE2328F0AB0D0084B452 /* GitHubFollowers.app */,
			);
			name = Products;
			sourceTree = "<group>";
		};
		05A9EE2528F0AB0D0084B452 /* GitHubFollowers */ = {
			isa = PBXGroup;
			children = (
				05874D4329059732002BD607 /* Utilites */,
				05874D4029058184002BD607 /* Managers */,
				05874D3629000E85002BD607 /* App */,
				05874D3B29007810002BD607 /* Model */,
				05874D3529000D42002BD607 /* Extensions */,
				05874D3A2900166D002BD607 /* Views */,
				05874D3329000C44002BD607 /* CustomViews */,
				05874D3429000C83002BD607 /* Resourses */,
			);
			path = GitHubFollowers;
			sourceTree = "<group>";
		};
		05F71E18294E0CD6008DE0EE /* Views */ = {
			isa = PBXGroup;
			children = (
				05F71E19294E0CFD008DE0EE /* GFEmptyStateView.swift */,
			);
			path = Views;
			sourceTree = "<group>";
		};
/* End PBXGroup section */

/* Begin PBXNativeTarget section */
		05A9EE2228F0AB0D0084B452 /* GitHubFollowers */ = {
			isa = PBXNativeTarget;
			buildConfigurationList = 05A9EE3728F0AB0F0084B452 /* Build configuration list for PBXNativeTarget "GitHubFollowers" */;
			buildPhases = (
				05A9EE1F28F0AB0D0084B452 /* Sources */,
				05A9EE2028F0AB0D0084B452 /* Frameworks */,
				05A9EE2128F0AB0D0084B452 /* Resources */,
			);
			buildRules = (
			);
			dependencies = (
			);
			name = GitHubFollowers;
			productName = GitHubFollowers;
			productReference = 05A9EE2328F0AB0D0084B452 /* GitHubFollowers.app */;
			productType = "com.apple.product-type.application";
		};
/* End PBXNativeTarget section */

/* Begin PBXProject section */
		05A9EE1B28F0AB0D0084B452 /* Project object */ = {
			isa = PBXProject;
			attributes = {
				BuildIndependentTargetsInParallel = 1;
				LastSwiftUpdateCheck = 1400;
				LastUpgradeCheck = 1400;
				TargetAttributes = {
					05A9EE2228F0AB0D0084B452 = {
						CreatedOnToolsVersion = 14.0.1;
					};
				};
			};
			buildConfigurationList = 05A9EE1E28F0AB0D0084B452 /* Build configuration list for PBXProject "GitHubFollowers" */;
			compatibilityVersion = "Xcode 14.0";
			developmentRegion = en;
			hasScannedForEncodings = 0;
			knownRegions = (
				en,
				Base,
			);
			mainGroup = 05A9EE1A28F0AB0D0084B452;
			productRefGroup = 05A9EE2428F0AB0D0084B452 /* Products */;
			projectDirPath = "";
			projectRoot = "";
			targets = (
				05A9EE2228F0AB0D0084B452 /* GitHubFollowers */,
			);
		};
/* End PBXProject section */

/* Begin PBXResourcesBuildPhase section */
		05A9EE2128F0AB0D0084B452 /* Resources */ = {
			isa = PBXResourcesBuildPhase;
			buildActionMask = 2147483647;
			files = (
				05A9EE3328F0AB0F0084B452 /* LaunchScreen.storyboard in Resources */,
				05A9EE3028F0AB0F0084B452 /* Assets.xcassets in Resources */,
			);
			runOnlyForDeploymentPostprocessing = 0;
		};
/* End PBXResourcesBuildPhase section */

/* Begin PBXSourcesBuildPhase section */
		05A9EE1F28F0AB0D0084B452 /* Sources */ = {
			isa = PBXSourcesBuildPhase;
			buildActionMask = 2147483647;
			files = (
				05874D3F290079D5002BD607 /* User.swift in Sources */,
				055DA2DB28F527710028BADC /* GFTextField.swift in Sources */,
				05F71E1A294E0CFD008DE0EE /* GFEmptyStateView.swift in Sources */,
				053B80CA28F1E64900C49A9C /* SearchViewController.swift in Sources */,
				053B80EE28F4818E00C49A9C /* GFButton.swift in Sources */,
				056AA73C28FF2CB900B09D83 /* UIViewController+Ext.swift in Sources */,
				05300B10294BAADF00904F85 /* UIHelper.swift in Sources */,
				05692681290D887100DC10D0 /* GFAvatarImageView.swift in Sources */,
				055DA2E328F926560028BADC /* GFAlertVC.swift in Sources */,
				055DA2DD28F5558E0028BADC /* FollowerListViewController.swift in Sources */,
				05874D452905974F002BD607 /* GFError.swift in Sources */,
				055DA2E128F924EB0028BADC /* GFBodyLabel.swift in Sources */,
				05874D3D2900782C002BD607 /* Follower.swift in Sources */,
				0569267E290D866F00DC10D0 /* FollowerCell.swift in Sources */,
				05F71E1C294E41B3008DE0EE /* FollowerInfoViewController.swift in Sources */,
				055DA2DF28F55F3F0028BADC /* GFTitleLabel.swift in Sources */,
				05A9EE2728F0AB0D0084B452 /* AppDelegate.swift in Sources */,
				053B80CC28F1E66100C49A9C /* FavoritesViewController.swift in Sources */,
				05A9EE2928F0AB0D0084B452 /* SceneDelegate.swift in Sources */,
				05874D422905819E002BD607 /* NetworkingManager.swift in Sources */,
			);
			runOnlyForDeploymentPostprocessing = 0;
		};
/* End PBXSourcesBuildPhase section */

/* Begin PBXVariantGroup section */
		05A9EE3128F0AB0F0084B452 /* LaunchScreen.storyboard */ = {
			isa = PBXVariantGroup;
			children = (
				05A9EE3228F0AB0F0084B452 /* Base */,
			);
			name = LaunchScreen.storyboard;
			sourceTree = "<group>";
		};
/* End PBXVariantGroup section */

/* Begin XCBuildConfiguration section */
		05A9EE3528F0AB0F0084B452 /* Debug */ = {
			isa = XCBuildConfiguration;
			buildSettings = {
				ALWAYS_SEARCH_USER_PATHS = NO;
				CLANG_ANALYZER_NONNULL = YES;
				CLANG_ANALYZER_NUMBER_OBJECT_CONVERSION = YES_AGGRESSIVE;
				CLANG_CXX_LANGUAGE_STANDARD = "gnu++20";
				CLANG_ENABLE_MODULES = YES;
				CLANG_ENABLE_OBJC_ARC = YES;
				CLANG_ENABLE_OBJC_WEAK = YES;
				CLANG_WARN_BLOCK_CAPTURE_AUTORELEASING = YES;
				CLANG_WARN_BOOL_CONVERSION = YES;
				CLANG_WARN_COMMA = YES;
				CLANG_WARN_CONSTANT_CONVERSION = YES;
				CLANG_WARN_DEPRECATED_OBJC_IMPLEMENTATIONS = YES;
				CLANG_WARN_DIRECT_OBJC_ISA_USAGE = YES_ERROR;
				CLANG_WARN_DOCUMENTATION_COMMENTS = YES;
				CLANG_WARN_EMPTY_BODY = YES;
				CLANG_WARN_ENUM_CONVERSION = YES;
				CLANG_WARN_INFINITE_RECURSION = YES;
				CLANG_WARN_INT_CONVERSION = YES;
				CLANG_WARN_NON_LITERAL_NULL_CONVERSION = YES;
				CLANG_WARN_OBJC_IMPLICIT_RETAIN_SELF = YES;
				CLANG_WARN_OBJC_LITERAL_CONVERSION = YES;
				CLANG_WARN_OBJC_ROOT_CLASS = YES_ERROR;
				CLANG_WARN_QUOTED_INCLUDE_IN_FRAMEWORK_HEADER = YES;
				CLANG_WARN_RANGE_LOOP_ANALYSIS = YES;
				CLANG_WARN_STRICT_PROTOTYPES = YES;
				CLANG_WARN_SUSPICIOUS_MOVE = YES;
				CLANG_WARN_UNGUARDED_AVAILABILITY = YES_AGGRESSIVE;
				CLANG_WARN_UNREACHABLE_CODE = YES;
				CLANG_WARN__DUPLICATE_METHOD_MATCH = YES;
				COPY_PHASE_STRIP = NO;
				DEBUG_INFORMATION_FORMAT = dwarf;
				ENABLE_STRICT_OBJC_MSGSEND = YES;
				ENABLE_TESTABILITY = YES;
				GCC_C_LANGUAGE_STANDARD = gnu11;
				GCC_DYNAMIC_NO_PIC = NO;
				GCC_NO_COMMON_BLOCKS = YES;
				GCC_OPTIMIZATION_LEVEL = 0;
				GCC_PREPROCESSOR_DEFINITIONS = (
					"DEBUG=1",
					"$(inherited)",
				);
				GCC_WARN_64_TO_32_BIT_CONVERSION = YES;
				GCC_WARN_ABOUT_RETURN_TYPE = YES_ERROR;
				GCC_WARN_UNDECLARED_SELECTOR = YES;
				GCC_WARN_UNINITIALIZED_AUTOS = YES_AGGRESSIVE;
				GCC_WARN_UNUSED_FUNCTION = YES;
				GCC_WARN_UNUSED_VARIABLE = YES;
				IPHONEOS_DEPLOYMENT_TARGET = 16.0;
				MTL_ENABLE_DEBUG_INFO = INCLUDE_SOURCE;
				MTL_FAST_MATH = YES;
				ONLY_ACTIVE_ARCH = YES;
				SDKROOT = iphoneos;
				SWIFT_ACTIVE_COMPILATION_CONDITIONS = DEBUG;
				SWIFT_OPTIMIZATION_LEVEL = "-Onone";
			};
			name = Debug;
		};
		05A9EE3628F0AB0F0084B452 /* Release */ = {
			isa = XCBuildConfiguration;
			buildSettings = {
				ALWAYS_SEARCH_USER_PATHS = NO;
				CLANG_ANALYZER_NONNULL = YES;
				CLANG_ANALYZER_NUMBER_OBJECT_CONVERSION = YES_AGGRESSIVE;
				CLANG_CXX_LANGUAGE_STANDARD = "gnu++20";
				CLANG_ENABLE_MODULES = YES;
				CLANG_ENABLE_OBJC_ARC = YES;
				CLANG_ENABLE_OBJC_WEAK = YES;
				CLANG_WARN_BLOCK_CAPTURE_AUTORELEASING = YES;
				CLANG_WARN_BOOL_CONVERSION = YES;
				CLANG_WARN_COMMA = YES;
				CLANG_WARN_CONSTANT_CONVERSION = YES;
				CLANG_WARN_DEPRECATED_OBJC_IMPLEMENTATIONS = YES;
				CLANG_WARN_DIRECT_OBJC_ISA_USAGE = YES_ERROR;
				CLANG_WARN_DOCUMENTATION_COMMENTS = YES;
				CLANG_WARN_EMPTY_BODY = YES;
				CLANG_WARN_ENUM_CONVERSION = YES;
				CLANG_WARN_INFINITE_RECURSION = YES;
				CLANG_WARN_INT_CONVERSION = YES;
				CLANG_WARN_NON_LITERAL_NULL_CONVERSION = YES;
				CLANG_WARN_OBJC_IMPLICIT_RETAIN_SELF = YES;
				CLANG_WARN_OBJC_LITERAL_CONVERSION = YES;
				CLANG_WARN_OBJC_ROOT_CLASS = YES_ERROR;
				CLANG_WARN_QUOTED_INCLUDE_IN_FRAMEWORK_HEADER = YES;
				CLANG_WARN_RANGE_LOOP_ANALYSIS = YES;
				CLANG_WARN_STRICT_PROTOTYPES = YES;
				CLANG_WARN_SUSPICIOUS_MOVE = YES;
				CLANG_WARN_UNGUARDED_AVAILABILITY = YES_AGGRESSIVE;
				CLANG_WARN_UNREACHABLE_CODE = YES;
				CLANG_WARN__DUPLICATE_METHOD_MATCH = YES;
				COPY_PHASE_STRIP = NO;
				DEBUG_INFORMATION_FORMAT = "dwarf-with-dsym";
				ENABLE_NS_ASSERTIONS = NO;
				ENABLE_STRICT_OBJC_MSGSEND = YES;
				GCC_C_LANGUAGE_STANDARD = gnu11;
				GCC_NO_COMMON_BLOCKS = YES;
				GCC_WARN_64_TO_32_BIT_CONVERSION = YES;
				GCC_WARN_ABOUT_RETURN_TYPE = YES_ERROR;
				GCC_WARN_UNDECLARED_SELECTOR = YES;
				GCC_WARN_UNINITIALIZED_AUTOS = YES_AGGRESSIVE;
				GCC_WARN_UNUSED_FUNCTION = YES;
				GCC_WARN_UNUSED_VARIABLE = YES;
				IPHONEOS_DEPLOYMENT_TARGET = 16.0;
				MTL_ENABLE_DEBUG_INFO = NO;
				MTL_FAST_MATH = YES;
				SDKROOT = iphoneos;
				SWIFT_COMPILATION_MODE = wholemodule;
				SWIFT_OPTIMIZATION_LEVEL = "-O";
				VALIDATE_PRODUCT = YES;
			};
			name = Release;
		};
		05A9EE3828F0AB0F0084B452 /* Debug */ = {
			isa = XCBuildConfiguration;
			buildSettings = {
				ASSETCATALOG_COMPILER_APPICON_NAME = AppIcon;
				ASSETCATALOG_COMPILER_GLOBAL_ACCENT_COLOR_NAME = AccentColor;
				CODE_SIGN_STYLE = Automatic;
				CURRENT_PROJECT_VERSION = 1;
				DEVELOPMENT_TEAM = MJD54HBLFX;
				GENERATE_INFOPLIST_FILE = YES;
				INFOPLIST_FILE = GitHubFollowers/Resourses/Info.plist;
				INFOPLIST_KEY_UIApplicationSupportsIndirectInputEvents = YES;
				INFOPLIST_KEY_UILaunchStoryboardName = LaunchScreen;
				INFOPLIST_KEY_UISupportedInterfaceOrientations = "UIInterfaceOrientationLandscapeLeft UIInterfaceOrientationLandscapeRight UIInterfaceOrientationPortrait";
				INFOPLIST_KEY_UISupportedInterfaceOrientations_iPad = UIInterfaceOrientationPortrait;
				LD_RUNPATH_SEARCH_PATHS = (
					"$(inherited)",
					"@executable_path/Frameworks",
				);
				MARKETING_VERSION = 1.0;
				PRODUCT_BUNDLE_IDENTIFIER = com.arturkorol.GitHubFollowers;
				PRODUCT_NAME = "$(TARGET_NAME)";
				SWIFT_EMIT_LOC_STRINGS = YES;
				SWIFT_VERSION = 5.0;
				TARGETED_DEVICE_FAMILY = "1,2";
			};
			name = Debug;
		};
		05A9EE3928F0AB0F0084B452 /* Release */ = {
			isa = XCBuildConfiguration;
			buildSettings = {
				ASSETCATALOG_COMPILER_APPICON_NAME = AppIcon;
				ASSETCATALOG_COMPILER_GLOBAL_ACCENT_COLOR_NAME = AccentColor;
				CODE_SIGN_STYLE = Automatic;
				CURRENT_PROJECT_VERSION = 1;
				DEVELOPMENT_TEAM = MJD54HBLFX;
				GENERATE_INFOPLIST_FILE = YES;
				INFOPLIST_FILE = GitHubFollowers/Resourses/Info.plist;
				INFOPLIST_KEY_UIApplicationSupportsIndirectInputEvents = YES;
				INFOPLIST_KEY_UILaunchStoryboardName = LaunchScreen;
				INFOPLIST_KEY_UISupportedInterfaceOrientations = "UIInterfaceOrientationLandscapeLeft UIInterfaceOrientationLandscapeRight UIInterfaceOrientationPortrait";
				INFOPLIST_KEY_UISupportedInterfaceOrientations_iPad = UIInterfaceOrientationPortrait;
				LD_RUNPATH_SEARCH_PATHS = (
					"$(inherited)",
					"@executable_path/Frameworks",
				);
				MARKETING_VERSION = 1.0;
				PRODUCT_BUNDLE_IDENTIFIER = com.arturkorol.GitHubFollowers;
				PRODUCT_NAME = "$(TARGET_NAME)";
				SWIFT_EMIT_LOC_STRINGS = YES;
				SWIFT_VERSION = 5.0;
				TARGETED_DEVICE_FAMILY = "1,2";
			};
			name = Release;
		};
/* End XCBuildConfiguration section */

/* Begin XCConfigurationList section */
		05A9EE1E28F0AB0D0084B452 /* Build configuration list for PBXProject "GitHubFollowers" */ = {
			isa = XCConfigurationList;
			buildConfigurations = (
				05A9EE3528F0AB0F0084B452 /* Debug */,
				05A9EE3628F0AB0F0084B452 /* Release */,
			);
			defaultConfigurationIsVisible = 0;
			defaultConfigurationName = Release;
		};
		05A9EE3728F0AB0F0084B452 /* Build configuration list for PBXNativeTarget "GitHubFollowers" */ = {
			isa = XCConfigurationList;
			buildConfigurations = (
				05A9EE3828F0AB0F0084B452 /* Debug */,
				05A9EE3928F0AB0F0084B452 /* Release */,
			);
			defaultConfigurationIsVisible = 0;
			defaultConfigurationName = Release;
		};
/* End XCConfigurationList section */
	};
	rootObject = 05A9EE1B28F0AB0D0084B452 /* Project object */;
}
